{
  "lockfileVersion": 1,
  "workspaces": {
    "": {
      "name": "@zama/fhevm-deployment-cli",
      "dependencies": {
        "@clack/prompts": "^0.7.0",
        "chalk": "^5.3.0",
        "commander": "^12.1.0",
        "dotenv": "^17.2.3",
        "ethers": "^6.15.0",
        "execa": "^8.0.1",
        "fs-extra": "^11.2.0",
        "ora": "^8.1.0",
        "yaml": "^2.7.0",
        "zod": "^3.23.8",
      },
      "devDependencies": {
        "@biomejs/biome": "2.3.3",
        "@types/fs-extra": "^11.0.4",
        "@types/node": "^20.12.12",
        "ts-node": "^10.9.2",
        "typescript": "^5.6.3",
        "vitest": "^1.6.0",
      },
    },
  },
  "packages": {
    "@adraffy/ens-normalize": ["@adraffy/ens-normalize@1.10.1", "", {}, "sha512-96Z2IP3mYmF1Xg2cDm8f1gWGf/HUVedQ3FMifV4kG/PQ4yEP51xDtRAEfhVNt5f/uzpNkZHwWQuUcu6D6K+Ekw=="],

    "@biomejs/biome": ["@biomejs/biome@2.3.3", "", { "optionalDependencies": { "@biomejs/cli-darwin-arm64": "2.3.3", "@biomejs/cli-darwin-x64": "2.3.3", "@biomejs/cli-linux-arm64": "2.3.3", "@biomejs/cli-linux-arm64-musl": "2.3.3", "@biomejs/cli-linux-x64": "2.3.3", "@biomejs/cli-linux-x64-musl": "2.3.3", "@biomejs/cli-win32-arm64": "2.3.3", "@biomejs/cli-win32-x64": "2.3.3" }, "bin": { "biome": "bin/biome" } }, "sha512-zn/P1pRBCpDdhi+VNSMnpczOz9DnqzOA2c48K8xgxjDODvi5O8gs3a2H233rck/5HXpkFj6TmyoqVvxirZUnvg=="],

    "@biomejs/cli-darwin-arm64": ["@biomejs/cli-darwin-arm64@2.3.3", "", { "os": "darwin", "cpu": "arm64" }, "sha512-5+JtW6RKmjqL9un0UtHV0ezOslAyYBzyl5ZhYiu7GHesX2x8NCDl6tXYrenv9m7e1RLbkO5E5Kh04kseMtz6lw=="],

    "@biomejs/cli-darwin-x64": ["@biomejs/cli-darwin-x64@2.3.3", "", { "os": "darwin", "cpu": "x64" }, "sha512-UPmKRalkHicvIpeccuKqq+/gA2HYV8FUnAEDJnqYBlGlycKqe6xrovWqvWTE4TTNpIFf4UQyuaDzLkN6Kz6tbA=="],

    "@biomejs/cli-linux-arm64": ["@biomejs/cli-linux-arm64@2.3.3", "", { "os": "linux", "cpu": "arm64" }, "sha512-zeiKwALNB/hax7+LLhCYqhqzlWdTfgE9BGkX2Z8S4VmCYnGFrf2fON/ec6KCos7mra5MDm6fYICsEWN2+HKZhw=="],

    "@biomejs/cli-linux-arm64-musl": ["@biomejs/cli-linux-arm64-musl@2.3.3", "", { "os": "linux", "cpu": "arm64" }, "sha512-KhCDMV+V7Yu72v40ssGJTHuv/j0n7JQ6l0s/c+EMcX5zPYLMLr4XpmI+WXhp4Vfkz0T5Xnh5wbrTBI3f2UTpjQ=="],

    "@biomejs/cli-linux-x64": ["@biomejs/cli-linux-x64@2.3.3", "", { "os": "linux", "cpu": "x64" }, "sha512-05CjPLbvVVU8J6eaO6iSEoA0FXKy2l6ddL+1h/VpiosCmIp3HxRKLOa1hhC1n+D13Z8g9b1DtnglGtM5U3sTag=="],

    "@biomejs/cli-linux-x64-musl": ["@biomejs/cli-linux-x64-musl@2.3.3", "", { "os": "linux", "cpu": "x64" }, "sha512-IyqQ+jYzU5MVy9CK5NV0U+NnUMPUAhYMrB/x4QgL/Dl1MqzBVc61bHeyhLnKM6DSEk73/TQYrk/8/QmVHudLdQ=="],

    "@biomejs/cli-win32-arm64": ["@biomejs/cli-win32-arm64@2.3.3", "", { "os": "win32", "cpu": "arm64" }, "sha512-NtlLs3pdFqFAQYZjlEHKOwJEn3GEaz7rtR2oCrzaLT2Xt3Cfd55/VvodQ5V+X+KepLa956QJagckJrNL+DmumQ=="],

    "@biomejs/cli-win32-x64": ["@biomejs/cli-win32-x64@2.3.3", "", { "os": "win32", "cpu": "x64" }, "sha512-klJKPPQvUk9Rlp0Dd56gQw/+Wt6uUprHdHWtbDC93f3Iv+knA2tLWpcYoOZJgPV+9s+RBmYv0DGy4mUlr20esg=="],

    "@clack/core": ["@clack/core@0.3.5", "", { "dependencies": { "picocolors": "^1.0.0", "sisteransi": "^1.0.5" } }, "sha512-5cfhQNH+1VQ2xLQlmzXMqUoiaH0lRBq9/CLW9lTyMbuKLC3+xEK01tHVvyut++mLOn5urSHmkm6I0Lg9MaJSTQ=="],

    "@clack/prompts": ["@clack/prompts@0.7.0", "", { "dependencies": { "@clack/core": "^0.3.3", "is-unicode-supported": "*", "picocolors": "^1.0.0", "sisteransi": "^1.0.5" } }, "sha512-0MhX9/B4iL6Re04jPrttDm+BsP8y6mS7byuv0BvXgdXhbV5PdlsHt55dvNsuBCPZ7xq1oTAOOuotR9NFbQyMSA=="],

    "@cspotcode/source-map-support": ["@cspotcode/source-map-support@0.8.1", "", { "dependencies": { "@jridgewell/trace-mapping": "0.3.9" } }, "sha512-IchNf6dN4tHoMFIn/7OE8LWZ19Y6q/67Bmf6vnGREv8RSbBVb9LPJxEcnwrcwX6ixSvaiGoomAUvu4YSxXrVgw=="],

    "@esbuild/aix-ppc64": ["@esbuild/aix-ppc64@0.21.5", "", { "os": "aix", "cpu": "ppc64" }, "sha512-1SDgH6ZSPTlggy1yI6+Dbkiz8xzpHJEVAlF/AM1tHPLsf5STom9rwtjE4hKAF20FfXXNTFqEYXyJNWh1GiZedQ=="],

    "@esbuild/android-arm": ["@esbuild/android-arm@0.21.5", "", { "os": "android", "cpu": "arm" }, "sha512-vCPvzSjpPHEi1siZdlvAlsPxXl7WbOVUBBAowWug4rJHb68Ox8KualB+1ocNvT5fjv6wpkX6o/iEpbDrf68zcg=="],

    "@esbuild/android-arm64": ["@esbuild/android-arm64@0.21.5", "", { "os": "android", "cpu": "arm64" }, "sha512-c0uX9VAUBQ7dTDCjq+wdyGLowMdtR/GoC2U5IYk/7D1H1JYC0qseD7+11iMP2mRLN9RcCMRcjC4YMclCzGwS/A=="],

    "@esbuild/android-x64": ["@esbuild/android-x64@0.21.5", "", { "os": "android", "cpu": "x64" }, "sha512-D7aPRUUNHRBwHxzxRvp856rjUHRFW1SdQATKXH2hqA0kAZb1hKmi02OpYRacl0TxIGz/ZmXWlbZgjwWYaCakTA=="],

    "@esbuild/darwin-arm64": ["@esbuild/darwin-arm64@0.21.5", "", { "os": "darwin", "cpu": "arm64" }, "sha512-DwqXqZyuk5AiWWf3UfLiRDJ5EDd49zg6O9wclZ7kUMv2WRFr4HKjXp/5t8JZ11QbQfUS6/cRCKGwYhtNAY88kQ=="],

    "@esbuild/darwin-x64": ["@esbuild/darwin-x64@0.21.5", "", { "os": "darwin", "cpu": "x64" }, "sha512-se/JjF8NlmKVG4kNIuyWMV/22ZaerB+qaSi5MdrXtd6R08kvs2qCN4C09miupktDitvh8jRFflwGFBQcxZRjbw=="],

    "@esbuild/freebsd-arm64": ["@esbuild/freebsd-arm64@0.21.5", "", { "os": "freebsd", "cpu": "arm64" }, "sha512-5JcRxxRDUJLX8JXp/wcBCy3pENnCgBR9bN6JsY4OmhfUtIHe3ZW0mawA7+RDAcMLrMIZaf03NlQiX9DGyB8h4g=="],

    "@esbuild/freebsd-x64": ["@esbuild/freebsd-x64@0.21.5", "", { "os": "freebsd", "cpu": "x64" }, "sha512-J95kNBj1zkbMXtHVH29bBriQygMXqoVQOQYA+ISs0/2l3T9/kj42ow2mpqerRBxDJnmkUDCaQT/dfNXWX/ZZCQ=="],

    "@esbuild/linux-arm": ["@esbuild/linux-arm@0.21.5", "", { "os": "linux", "cpu": "arm" }, "sha512-bPb5AHZtbeNGjCKVZ9UGqGwo8EUu4cLq68E95A53KlxAPRmUyYv2D6F0uUI65XisGOL1hBP5mTronbgo+0bFcA=="],

    "@esbuild/linux-arm64": ["@esbuild/linux-arm64@0.21.5", "", { "os": "linux", "cpu": "arm64" }, "sha512-ibKvmyYzKsBeX8d8I7MH/TMfWDXBF3db4qM6sy+7re0YXya+K1cem3on9XgdT2EQGMu4hQyZhan7TeQ8XkGp4Q=="],

    "@esbuild/linux-ia32": ["@esbuild/linux-ia32@0.21.5", "", { "os": "linux", "cpu": "ia32" }, "sha512-YvjXDqLRqPDl2dvRODYmmhz4rPeVKYvppfGYKSNGdyZkA01046pLWyRKKI3ax8fbJoK5QbxblURkwK/MWY18Tg=="],

    "@esbuild/linux-loong64": ["@esbuild/linux-loong64@0.21.5", "", { "os": "linux", "cpu": "none" }, "sha512-uHf1BmMG8qEvzdrzAqg2SIG/02+4/DHB6a9Kbya0XDvwDEKCoC8ZRWI5JJvNdUjtciBGFQ5PuBlpEOXQj+JQSg=="],

    "@esbuild/linux-mips64el": ["@esbuild/linux-mips64el@0.21.5", "", { "os": "linux", "cpu": "none" }, "sha512-IajOmO+KJK23bj52dFSNCMsz1QP1DqM6cwLUv3W1QwyxkyIWecfafnI555fvSGqEKwjMXVLokcV5ygHW5b3Jbg=="],

    "@esbuild/linux-ppc64": ["@esbuild/linux-ppc64@0.21.5", "", { "os": "linux", "cpu": "ppc64" }, "sha512-1hHV/Z4OEfMwpLO8rp7CvlhBDnjsC3CttJXIhBi+5Aj5r+MBvy4egg7wCbe//hSsT+RvDAG7s81tAvpL2XAE4w=="],

    "@esbuild/linux-riscv64": ["@esbuild/linux-riscv64@0.21.5", "", { "os": "linux", "cpu": "none" }, "sha512-2HdXDMd9GMgTGrPWnJzP2ALSokE/0O5HhTUvWIbD3YdjME8JwvSCnNGBnTThKGEB91OZhzrJ4qIIxk/SBmyDDA=="],

    "@esbuild/linux-s390x": ["@esbuild/linux-s390x@0.21.5", "", { "os": "linux", "cpu": "s390x" }, "sha512-zus5sxzqBJD3eXxwvjN1yQkRepANgxE9lgOW2qLnmr8ikMTphkjgXu1HR01K4FJg8h1kEEDAqDcZQtbrRnB41A=="],

    "@esbuild/linux-x64": ["@esbuild/linux-x64@0.21.5", "", { "os": "linux", "cpu": "x64" }, "sha512-1rYdTpyv03iycF1+BhzrzQJCdOuAOtaqHTWJZCWvijKD2N5Xu0TtVC8/+1faWqcP9iBCWOmjmhoH94dH82BxPQ=="],

    "@esbuild/netbsd-x64": ["@esbuild/netbsd-x64@0.21.5", "", { "os": "none", "cpu": "x64" }, "sha512-Woi2MXzXjMULccIwMnLciyZH4nCIMpWQAs049KEeMvOcNADVxo0UBIQPfSmxB3CWKedngg7sWZdLvLczpe0tLg=="],

    "@esbuild/openbsd-x64": ["@esbuild/openbsd-x64@0.21.5", "", { "os": "openbsd", "cpu": "x64" }, "sha512-HLNNw99xsvx12lFBUwoT8EVCsSvRNDVxNpjZ7bPn947b8gJPzeHWyNVhFsaerc0n3TsbOINvRP2byTZ5LKezow=="],

    "@esbuild/sunos-x64": ["@esbuild/sunos-x64@0.21.5", "", { "os": "sunos", "cpu": "x64" }, "sha512-6+gjmFpfy0BHU5Tpptkuh8+uw3mnrvgs+dSPQXQOv3ekbordwnzTVEb4qnIvQcYXq6gzkyTnoZ9dZG+D4garKg=="],

    "@esbuild/win32-arm64": ["@esbuild/win32-arm64@0.21.5", "", { "os": "win32", "cpu": "arm64" }, "sha512-Z0gOTd75VvXqyq7nsl93zwahcTROgqvuAcYDUr+vOv8uHhNSKROyU961kgtCD1e95IqPKSQKH7tBTslnS3tA8A=="],

    "@esbuild/win32-ia32": ["@esbuild/win32-ia32@0.21.5", "", { "os": "win32", "cpu": "ia32" }, "sha512-SWXFF1CL2RVNMaVs+BBClwtfZSvDgtL//G/smwAc5oVK/UPu2Gu9tIaRgFmYFFKrmg3SyAjSrElf0TiJ1v8fYA=="],

    "@esbuild/win32-x64": ["@esbuild/win32-x64@0.21.5", "", { "os": "win32", "cpu": "x64" }, "sha512-tQd/1efJuzPC6rCFwEvLtci/xNFcTZknmXs98FYDfGE4wP9ClFV98nyKrzJKVPMhdDnjzLhdUyMX4PsQAPjwIw=="],

    "@jest/schemas": ["@jest/schemas@29.6.3", "", { "dependencies": { "@sinclair/typebox": "^0.27.8" } }, "sha512-mo5j5X+jIZmJQveBKeS/clAueipV7KgiX1vMgCxam1RNYiqE1w62n0/tJJnHtjW8ZHcQco5gY85jA3mi0L+nSA=="],

    "@jridgewell/resolve-uri": ["@jridgewell/resolve-uri@3.1.2", "", {}, "sha512-bRISgCIjP20/tbWSPWMEi54QVPRZExkuD9lJL+UIxUKtwVJA8wW1Trb1jMs1RFXo1CBTNZ/5hpC9QvmKWdopKw=="],

    "@jridgewell/sourcemap-codec": ["@jridgewell/sourcemap-codec@1.5.5", "", {}, "sha512-cYQ9310grqxueWbl+WuIUIaiUaDcj7WOq5fVhEljNVgRfOUhY9fy2zTvfoqWsnebh8Sl70VScFbICvJnLKB0Og=="],

    "@jridgewell/trace-mapping": ["@jridgewell/trace-mapping@0.3.9", "", { "dependencies": { "@jridgewell/resolve-uri": "^3.0.3", "@jridgewell/sourcemap-codec": "^1.4.10" } }, "sha512-3Belt6tdc8bPgAtbcmdtNJlirVoTmEb5e2gC94PnkwEW9jI6CAHUeoG85tjWP5WquqfavoMtMwiG4P926ZKKuQ=="],

    "@noble/curves": ["@noble/curves@1.2.0", "", { "dependencies": { "@noble/hashes": "1.3.2" } }, "sha512-oYclrNgRaM9SsBUBVbb8M6DTV7ZHRTKugureoYEncY5c65HOmRzvSiTE3y5CYaPYJA/GVkrhXEoF0M3Ya9PMnw=="],

    "@noble/hashes": ["@noble/hashes@1.3.2", "", {}, "sha512-MVC8EAQp7MvEcm30KWENFjgR+Mkmf+D189XJTkFIlwohU5hcBbn1ZkKq7KVTi2Hme3PMGF390DaL52beVrIihQ=="],

    "@rollup/rollup-android-arm-eabi": ["@rollup/rollup-android-arm-eabi@4.52.5", "", { "os": "android", "cpu": "arm" }, "sha512-8c1vW4ocv3UOMp9K+gToY5zL2XiiVw3k7f1ksf4yO1FlDFQ1C2u72iACFnSOceJFsWskc2WZNqeRhFRPzv+wtQ=="],

    "@rollup/rollup-android-arm64": ["@rollup/rollup-android-arm64@4.52.5", "", { "os": "android", "cpu": "arm64" }, "sha512-mQGfsIEFcu21mvqkEKKu2dYmtuSZOBMmAl5CFlPGLY94Vlcm+zWApK7F/eocsNzp8tKmbeBP8yXyAbx0XHsFNA=="],

    "@rollup/rollup-darwin-arm64": ["@rollup/rollup-darwin-arm64@4.52.5", "", { "os": "darwin", "cpu": "arm64" }, "sha512-takF3CR71mCAGA+v794QUZ0b6ZSrgJkArC+gUiG6LB6TQty9T0Mqh3m2ImRBOxS2IeYBo4lKWIieSvnEk2OQWA=="],

    "@rollup/rollup-darwin-x64": ["@rollup/rollup-darwin-x64@4.52.5", "", { "os": "darwin", "cpu": "x64" }, "sha512-W901Pla8Ya95WpxDn//VF9K9u2JbocwV/v75TE0YIHNTbhqUTv9w4VuQ9MaWlNOkkEfFwkdNhXgcLqPSmHy0fA=="],

    "@rollup/rollup-freebsd-arm64": ["@rollup/rollup-freebsd-arm64@4.52.5", "", { "os": "freebsd", "cpu": "arm64" }, "sha512-QofO7i7JycsYOWxe0GFqhLmF6l1TqBswJMvICnRUjqCx8b47MTo46W8AoeQwiokAx3zVryVnxtBMcGcnX12LvA=="],

    "@rollup/rollup-freebsd-x64": ["@rollup/rollup-freebsd-x64@4.52.5", "", { "os": "freebsd", "cpu": "x64" }, "sha512-jr21b/99ew8ujZubPo9skbrItHEIE50WdV86cdSoRkKtmWa+DDr6fu2c/xyRT0F/WazZpam6kk7IHBerSL7LDQ=="],

    "@rollup/rollup-linux-arm-gnueabihf": ["@rollup/rollup-linux-arm-gnueabihf@4.52.5", "", { "os": "linux", "cpu": "arm" }, "sha512-PsNAbcyv9CcecAUagQefwX8fQn9LQ4nZkpDboBOttmyffnInRy8R8dSg6hxxl2Re5QhHBf6FYIDhIj5v982ATQ=="],

    "@rollup/rollup-linux-arm-musleabihf": ["@rollup/rollup-linux-arm-musleabihf@4.52.5", "", { "os": "linux", "cpu": "arm" }, "sha512-Fw4tysRutyQc/wwkmcyoqFtJhh0u31K+Q6jYjeicsGJJ7bbEq8LwPWV/w0cnzOqR2m694/Af6hpFayLJZkG2VQ=="],

    "@rollup/rollup-linux-arm64-gnu": ["@rollup/rollup-linux-arm64-gnu@4.52.5", "", { "os": "linux", "cpu": "arm64" }, "sha512-a+3wVnAYdQClOTlyapKmyI6BLPAFYs0JM8HRpgYZQO02rMR09ZcV9LbQB+NL6sljzG38869YqThrRnfPMCDtZg=="],

    "@rollup/rollup-linux-arm64-musl": ["@rollup/rollup-linux-arm64-musl@4.52.5", "", { "os": "linux", "cpu": "arm64" }, "sha512-AvttBOMwO9Pcuuf7m9PkC1PUIKsfaAJ4AYhy944qeTJgQOqJYJ9oVl2nYgY7Rk0mkbsuOpCAYSs6wLYB2Xiw0Q=="],

    "@rollup/rollup-linux-loong64-gnu": ["@rollup/rollup-linux-loong64-gnu@4.52.5", "", { "os": "linux", "cpu": "none" }, "sha512-DkDk8pmXQV2wVrF6oq5tONK6UHLz/XcEVow4JTTerdeV1uqPeHxwcg7aFsfnSm9L+OO8WJsWotKM2JJPMWrQtA=="],

    "@rollup/rollup-linux-ppc64-gnu": ["@rollup/rollup-linux-ppc64-gnu@4.52.5", "", { "os": "linux", "cpu": "ppc64" }, "sha512-W/b9ZN/U9+hPQVvlGwjzi+Wy4xdoH2I8EjaCkMvzpI7wJUs8sWJ03Rq96jRnHkSrcHTpQe8h5Tg3ZzUPGauvAw=="],

    "@rollup/rollup-linux-riscv64-gnu": ["@rollup/rollup-linux-riscv64-gnu@4.52.5", "", { "os": "linux", "cpu": "none" }, "sha512-sjQLr9BW7R/ZiXnQiWPkErNfLMkkWIoCz7YMn27HldKsADEKa5WYdobaa1hmN6slu9oWQbB6/jFpJ+P2IkVrmw=="],

    "@rollup/rollup-linux-riscv64-musl": ["@rollup/rollup-linux-riscv64-musl@4.52.5", "", { "os": "linux", "cpu": "none" }, "sha512-hq3jU/kGyjXWTvAh2awn8oHroCbrPm8JqM7RUpKjalIRWWXE01CQOf/tUNWNHjmbMHg/hmNCwc/Pz3k1T/j/Lg=="],

    "@rollup/rollup-linux-s390x-gnu": ["@rollup/rollup-linux-s390x-gnu@4.52.5", "", { "os": "linux", "cpu": "s390x" }, "sha512-gn8kHOrku8D4NGHMK1Y7NA7INQTRdVOntt1OCYypZPRt6skGbddska44K8iocdpxHTMMNui5oH4elPH4QOLrFQ=="],

    "@rollup/rollup-linux-x64-gnu": ["@rollup/rollup-linux-x64-gnu@4.52.5", "", { "os": "linux", "cpu": "x64" }, "sha512-hXGLYpdhiNElzN770+H2nlx+jRog8TyynpTVzdlc6bndktjKWyZyiCsuDAlpd+j+W+WNqfcyAWz9HxxIGfZm1Q=="],

    "@rollup/rollup-linux-x64-musl": ["@rollup/rollup-linux-x64-musl@4.52.5", "", { "os": "linux", "cpu": "x64" }, "sha512-arCGIcuNKjBoKAXD+y7XomR9gY6Mw7HnFBv5Rw7wQRvwYLR7gBAgV7Mb2QTyjXfTveBNFAtPt46/36vV9STLNg=="],

    "@rollup/rollup-openharmony-arm64": ["@rollup/rollup-openharmony-arm64@4.52.5", "", { "os": "none", "cpu": "arm64" }, "sha512-QoFqB6+/9Rly/RiPjaomPLmR/13cgkIGfA40LHly9zcH1S0bN2HVFYk3a1eAyHQyjs3ZJYlXvIGtcCs5tko9Cw=="],

    "@rollup/rollup-win32-arm64-msvc": ["@rollup/rollup-win32-arm64-msvc@4.52.5", "", { "os": "win32", "cpu": "arm64" }, "sha512-w0cDWVR6MlTstla1cIfOGyl8+qb93FlAVutcor14Gf5Md5ap5ySfQ7R9S/NjNaMLSFdUnKGEasmVnu3lCMqB7w=="],

    "@rollup/rollup-win32-ia32-msvc": ["@rollup/rollup-win32-ia32-msvc@4.52.5", "", { "os": "win32", "cpu": "ia32" }, "sha512-Aufdpzp7DpOTULJCuvzqcItSGDH73pF3ko/f+ckJhxQyHtp67rHw3HMNxoIdDMUITJESNE6a8uh4Lo4SLouOUg=="],

    "@rollup/rollup-win32-x64-gnu": ["@rollup/rollup-win32-x64-gnu@4.52.5", "", { "os": "win32", "cpu": "x64" }, "sha512-UGBUGPFp1vkj6p8wCRraqNhqwX/4kNQPS57BCFc8wYh0g94iVIW33wJtQAx3G7vrjjNtRaxiMUylM0ktp/TRSQ=="],

    "@rollup/rollup-win32-x64-msvc": ["@rollup/rollup-win32-x64-msvc@4.52.5", "", { "os": "win32", "cpu": "x64" }, "sha512-TAcgQh2sSkykPRWLrdyy2AiceMckNf5loITqXxFI5VuQjS5tSuw3WlwdN8qv8vzjLAUTvYaH/mVjSFpbkFbpTg=="],

    "@sinclair/typebox": ["@sinclair/typebox@0.27.8", "", {}, "sha512-+Fj43pSMwJs4KRrH/938Uf+uAELIgVBmQzg/q1YG10djyfA3TnrU8N8XzqCh/okZdszqBQTZf96idMfE5lnwTA=="],

    "@tsconfig/node10": ["@tsconfig/node10@1.0.11", "", {}, "sha512-DcRjDCujK/kCk/cUe8Xz8ZSpm8mS3mNNpta+jGCA6USEDfktlNvm1+IuZ9eTcDbNk41BHwpHHeW+N1lKCz4zOw=="],

    "@tsconfig/node12": ["@tsconfig/node12@1.0.11", "", {}, "sha512-cqefuRsh12pWyGsIoBKJA9luFu3mRxCA+ORZvA4ktLSzIuCUtWVxGIuXigEwO5/ywWFMZ2QEGKWvkZG1zDMTag=="],

    "@tsconfig/node14": ["@tsconfig/node14@1.0.3", "", {}, "sha512-ysT8mhdixWK6Hw3i1V2AeRqZ5WfXg1G43mqoYlM2nc6388Fq5jcXyr5mRsqViLx/GJYdoL0bfXD8nmF+Zn/Iow=="],

    "@tsconfig/node16": ["@tsconfig/node16@1.0.4", "", {}, "sha512-vxhUy4J8lyeyinH7Azl1pdd43GJhZH/tP2weN8TntQblOY+A0XbT8DJk1/oCPuOOyg/Ja757rG0CgHcWC8OfMA=="],

    "@types/estree": ["@types/estree@1.0.8", "", {}, "sha512-dWHzHa2WqEXI/O1E9OjrocMTKJl2mSrEolh1Iomrv6U+JuNwaHXsXx9bLu5gG7BUWFIN0skIQJQ/L1rIex4X6w=="],

    "@types/fs-extra": ["@types/fs-extra@11.0.4", "", { "dependencies": { "@types/jsonfile": "*", "@types/node": "*" } }, "sha512-yTbItCNreRooED33qjunPthRcSjERP1r4MqCZc7wv0u2sUkzTFp45tgUfS5+r7FrZPdmCCNflLhVSP/o+SemsQ=="],

    "@types/jsonfile": ["@types/jsonfile@6.1.4", "", { "dependencies": { "@types/node": "*" } }, "sha512-D5qGUYwjvnNNextdU59/+fI+spnwtTFmyQP0h+PfIOSkNfpU6AOICUOkm4i0OnSk+NyjdPJrxCDro0sJsWlRpQ=="],

    "@types/node": ["@types/node@20.19.24", "", { "dependencies": { "undici-types": "~6.21.0" } }, "sha512-FE5u0ezmi6y9OZEzlJfg37mqqf6ZDSF2V/NLjUyGrR9uTZ7Sb9F7bLNZ03S4XVUNRWGA7Ck4c1kK+YnuWjl+DA=="],

    "@vitest/expect": ["@vitest/expect@1.6.1", "", { "dependencies": { "@vitest/spy": "1.6.1", "@vitest/utils": "1.6.1", "chai": "^4.3.10" } }, "sha512-jXL+9+ZNIJKruofqXuuTClf44eSpcHlgj3CiuNihUF3Ioujtmc0zIa3UJOW5RjDK1YLBJZnWBlPuqhYycLioog=="],

    "@vitest/runner": ["@vitest/runner@1.6.1", "", { "dependencies": { "@vitest/utils": "1.6.1", "p-limit": "^5.0.0", "pathe": "^1.1.1" } }, "sha512-3nSnYXkVkf3mXFfE7vVyPmi3Sazhb/2cfZGGs0JRzFsPFvAMBEcrweV1V1GsrstdXeKCTXlJbvnQwGWgEIHmOA=="],

    "@vitest/snapshot": ["@vitest/snapshot@1.6.1", "", { "dependencies": { "magic-string": "^0.30.5", "pathe": "^1.1.1", "pretty-format": "^29.7.0" } }, "sha512-WvidQuWAzU2p95u8GAKlRMqMyN1yOJkGHnx3M1PL9Raf7AQ1kwLKg04ADlCa3+OXUZE7BceOhVZiuWAbzCKcUQ=="],

    "@vitest/spy": ["@vitest/spy@1.6.1", "", { "dependencies": { "tinyspy": "^2.2.0" } }, "sha512-MGcMmpGkZebsMZhbQKkAf9CX5zGvjkBTqf8Zx3ApYWXr3wG+QvEu2eXWfnIIWYSJExIp4V9FCKDEeygzkYrXMw=="],

    "@vitest/utils": ["@vitest/utils@1.6.1", "", { "dependencies": { "diff-sequences": "^29.6.3", "estree-walker": "^3.0.3", "loupe": "^2.3.7", "pretty-format": "^29.7.0" } }, "sha512-jOrrUvXM4Av9ZWiG1EajNto0u96kWAhJ1LmPmJhXXQx/32MecEKd10pOLYgS2BQx1TgkGhloPU1ArDW2vvaY6g=="],

    "acorn": ["acorn@8.15.0", "", { "bin": { "acorn": "bin/acorn" } }, "sha512-NZyJarBfL7nWwIq+FDL6Zp/yHEhePMNnnJ0y3qfieCrmNvYct8uvtiV41UvlSe6apAfk0fY1FbWx+NwfmpvtTg=="],

    "acorn-walk": ["acorn-walk@8.3.4", "", { "dependencies": { "acorn": "^8.11.0" } }, "sha512-ueEepnujpqee2o5aIYnvHU6C0A42MNdsIDeqy5BydrkuC5R1ZuUFnm27EeFJGoEHJQgn3uleRvmTXaJgfXbt4g=="],

    "aes-js": ["aes-js@4.0.0-beta.5", "", {}, "sha512-G965FqalsNyrPqgEGON7nIx1e/OVENSgiEIzyC63haUMuvNnwIgIjMs52hlTCKhkBny7A2ORNlfY9Zu+jmGk1Q=="],

    "ansi-regex": ["ansi-regex@6.2.2", "", {}, "sha512-Bq3SmSpyFHaWjPk8If9yc6svM8c56dB5BAtW4Qbw5jHTwwXXcTLoRMkpDJp6VL0XzlWaCHTXrkFURMYmD0sLqg=="],

    "ansi-styles": ["ansi-styles@5.2.0", "", {}, "sha512-Cxwpt2SfTzTtXcfOlzGEee8O+c+MmUgGrNiBcXnuWxuFJHe6a5Hz7qwhwe5OgaSYI0IJvkLqWX1ASG+cJOkEiA=="],

    "arg": ["arg@4.1.3", "", {}, "sha512-58S9QDqG0Xx27YwPSt9fJxivjYl432YCwfDMfZ+71RAqUrZef7LrKQZ3LHLOwCS4FLNBplP533Zx895SeOCHvA=="],

    "assertion-error": ["assertion-error@1.1.0", "", {}, "sha512-jgsaNduz+ndvGyFt3uSuWqvy4lCnIJiovtouQN5JZHOKCS2QuhEdbcQHFhVksz2N2U9hXJo8odG7ETyWlEeuDw=="],

    "cac": ["cac@6.7.14", "", {}, "sha512-b6Ilus+c3RrdDk+JhLKUAQfzzgLEPy6wcXqS7f/xe1EETvsDP6GORG7SFuOs6cID5YkqchW/LXZbX5bc8j7ZcQ=="],

    "chai": ["chai@4.5.0", "", { "dependencies": { "assertion-error": "^1.1.0", "check-error": "^1.0.3", "deep-eql": "^4.1.3", "get-func-name": "^2.0.2", "loupe": "^2.3.6", "pathval": "^1.1.1", "type-detect": "^4.1.0" } }, "sha512-RITGBfijLkBddZvnn8jdqoTypxvqbOLYQkGGxXzeFjVHvudaPw0HNFD9x928/eUwYWd2dPCugVqspGALTZZQKw=="],

    "chalk": ["chalk@5.6.2", "", {}, "sha512-7NzBL0rN6fMUW+f7A6Io4h40qQlG+xGmtMxfbnH/K7TAtt8JQWVQK+6g0UXKMeVJoyV5EkkNsErQ8pVD3bLHbA=="],

    "check-error": ["check-error@1.0.3", "", { "dependencies": { "get-func-name": "^2.0.2" } }, "sha512-iKEoDYaRmd1mxM90a2OEfWhjsjPpYPuQ+lMYsoxB126+t8fw7ySEO48nmDg5COTjxDI65/Y2OWpeEHk3ZOe8zg=="],

    "cli-cursor": ["cli-cursor@5.0.0", "", { "dependencies": { "restore-cursor": "^5.0.0" } }, "sha512-aCj4O5wKyszjMmDT4tZj93kxyydN/K5zPWSCe6/0AV/AA1pqe5ZBIw0a2ZfPQV7lL5/yb5HsUreJ6UFAF1tEQw=="],

    "cli-spinners": ["cli-spinners@2.9.2", "", {}, "sha512-ywqV+5MmyL4E7ybXgKys4DugZbX0FC6LnwrhjuykIjnK9k8OQacQ7axGKnjDXWNhns0xot3bZI5h55H8yo9cJg=="],

    "commander": ["commander@12.1.0", "", {}, "sha512-Vw8qHK3bZM9y/P10u3Vib8o/DdkvA2OtPtZvD871QKjy74Wj1WSKFILMPRPSdUSx5RFK1arlJzEtA4PkFgnbuA=="],

    "confbox": ["confbox@0.1.8", "", {}, "sha512-RMtmw0iFkeR4YV+fUOSucriAQNb9g8zFR52MWCtl+cCZOFRNL6zeB395vPzFhEjjn4fMxXudmELnl/KF/WrK6w=="],

    "create-require": ["create-require@1.1.1", "", {}, "sha512-dcKFX3jn0MpIaXjisoRvexIJVEKzaq7z2rZKxf+MSr9TkdmHmsU4m2lcLojrj/FHl8mk5VxMmYA+ftRkP/3oKQ=="],

    "cross-spawn": ["cross-spawn@7.0.6", "", { "dependencies": { "path-key": "^3.1.0", "shebang-command": "^2.0.0", "which": "^2.0.1" } }, "sha512-uV2QOWP2nWzsy2aMp8aRibhi9dlzF5Hgh5SHaB9OiTGEyDTiJJyx0uy51QXdyWbtAHNua4XJzUKca3OzKUd3vA=="],

    "debug": ["debug@4.4.3", "", { "dependencies": { "ms": "^2.1.3" } }, "sha512-RGwwWnwQvkVfavKVt22FGLw+xYSdzARwm0ru6DhTVA3umU5hZc28V3kO4stgYryrTlLpuvgI9GiijltAjNbcqA=="],

    "deep-eql": ["deep-eql@4.1.4", "", { "dependencies": { "type-detect": "^4.0.0" } }, "sha512-SUwdGfqdKOwxCPeVYjwSyRpJ7Z+fhpwIAtmCUdZIWZ/YP5R9WAsyuSgpLVDi9bjWoN2LXHNss/dk3urXtdQxGg=="],

    "diff": ["diff@4.0.2", "", {}, "sha512-58lmxKSA4BNyLz+HHMUzlOEpg09FV+ev6ZMe3vJihgdxzgcwZ8VoEEPmALCZG9LmqfVoNMMKpttIYTVG6uDY7A=="],

    "diff-sequences": ["diff-sequences@29.6.3", "", {}, "sha512-EjePK1srD3P08o2j4f0ExnylqRs5B9tJjcp9t1krH2qRi8CCdsYfwe9JgSLurFBWwq4uOlipzfk5fHNvwFKr8Q=="],

    "dotenv": ["dotenv@17.2.3", "", {}, "sha512-JVUnt+DUIzu87TABbhPmNfVdBDt18BLOWjMUFJMSi/Qqg7NTYtabbvSNJGOJ7afbRuv9D/lngizHtP7QyLQ+9w=="],

    "emoji-regex": ["emoji-regex@10.6.0", "", {}, "sha512-toUI84YS5YmxW219erniWD0CIVOo46xGKColeNQRgOzDorgBi1v4D71/OFzgD9GO2UGKIv1C3Sp8DAn0+j5w7A=="],

    "esbuild": ["esbuild@0.21.5", "", { "optionalDependencies": { "@esbuild/aix-ppc64": "0.21.5", "@esbuild/android-arm": "0.21.5", "@esbuild/android-arm64": "0.21.5", "@esbuild/android-x64": "0.21.5", "@esbuild/darwin-arm64": "0.21.5", "@esbuild/darwin-x64": "0.21.5", "@esbuild/freebsd-arm64": "0.21.5", "@esbuild/freebsd-x64": "0.21.5", "@esbuild/linux-arm": "0.21.5", "@esbuild/linux-arm64": "0.21.5", "@esbuild/linux-ia32": "0.21.5", "@esbuild/linux-loong64": "0.21.5", "@esbuild/linux-mips64el": "0.21.5", "@esbuild/linux-ppc64": "0.21.5", "@esbuild/linux-riscv64": "0.21.5", "@esbuild/linux-s390x": "0.21.5", "@esbuild/linux-x64": "0.21.5", "@esbuild/netbsd-x64": "0.21.5", "@esbuild/openbsd-x64": "0.21.5", "@esbuild/sunos-x64": "0.21.5", "@esbuild/win32-arm64": "0.21.5", "@esbuild/win32-ia32": "0.21.5", "@esbuild/win32-x64": "0.21.5" }, "bin": { "esbuild": "bin/esbuild" } }, "sha512-mg3OPMV4hXywwpoDxu3Qda5xCKQi+vCTZq8S9J/EpkhB2HzKXq4SNFZE3+NK93JYxc8VMSep+lOUSC/RVKaBqw=="],

    "estree-walker": ["estree-walker@3.0.3", "", { "dependencies": { "@types/estree": "^1.0.0" } }, "sha512-7RUKfXgSMMkzt6ZuXmqapOurLGPPfgj6l9uRZ7lRGolvk0y2yocc35LdcxKC5PQZdn2DMqioAQ2NoWcrTKmm6g=="],

    "ethers": ["ethers@6.15.0", "", { "dependencies": { "@adraffy/ens-normalize": "1.10.1", "@noble/curves": "1.2.0", "@noble/hashes": "1.3.2", "@types/node": "22.7.5", "aes-js": "4.0.0-beta.5", "tslib": "2.7.0", "ws": "8.17.1" } }, "sha512-Kf/3ZW54L4UT0pZtsY/rf+EkBU7Qi5nnhonjUb8yTXcxH3cdcWrV2cRyk0Xk/4jK6OoHhxxZHriyhje20If2hQ=="],

    "execa": ["execa@8.0.1", "", { "dependencies": { "cross-spawn": "^7.0.3", "get-stream": "^8.0.1", "human-signals": "^5.0.0", "is-stream": "^3.0.0", "merge-stream": "^2.0.0", "npm-run-path": "^5.1.0", "onetime": "^6.0.0", "signal-exit": "^4.1.0", "strip-final-newline": "^3.0.0" } }, "sha512-VyhnebXciFV2DESc+p6B+y0LjSm0krU4OgJN44qFAhBY0TJ+1V61tYD2+wHusZ6F9n5K+vl8k0sTy7PEfV4qpg=="],

    "fs-extra": ["fs-extra@11.3.2", "", { "dependencies": { "graceful-fs": "^4.2.0", "jsonfile": "^6.0.1", "universalify": "^2.0.0" } }, "sha512-Xr9F6z6up6Ws+NjzMCZc6WXg2YFRlrLP9NQDO3VQrWrfiojdhS56TzueT88ze0uBdCTwEIhQ3ptnmKeWGFAe0A=="],

    "fsevents": ["fsevents@2.3.3", "", { "os": "darwin" }, "sha512-5xoDfX+fL7faATnagmWPpbFtwh/R77WmMMqqHGS65C3vvB0YHrgF+B1YmZ3441tMj5n63k0212XNoJwzlhffQw=="],

    "get-east-asian-width": ["get-east-asian-width@1.4.0", "", {}, "sha512-QZjmEOC+IT1uk6Rx0sX22V6uHWVwbdbxf1faPqJ1QhLdGgsRGCZoyaQBm/piRdJy/D2um6hM1UP7ZEeQ4EkP+Q=="],

    "get-func-name": ["get-func-name@2.0.2", "", {}, "sha512-8vXOvuE167CtIc3OyItco7N/dpRtBbYOsPsXCz7X/PMnlGjYjSGuZJgM1Y7mmew7BKf9BqvLX2tnOVy1BBUsxQ=="],

    "get-stream": ["get-stream@8.0.1", "", {}, "sha512-VaUJspBffn/LMCJVoMvSAdmscJyS1auj5Zulnn5UoYcY531UWmdwhRWkcGKnGU93m5HSXP9LP2usOryrBtQowA=="],

    "graceful-fs": ["graceful-fs@4.2.11", "", {}, "sha512-RbJ5/jmFcNNCcDV5o9eTnBLJ/HszWV0P73bc+Ff4nS/rJj+YaS6IGyiOL0VoBYX+l1Wrl3k63h/KrH+nhJ0XvQ=="],

    "human-signals": ["human-signals@5.0.0", "", {}, "sha512-AXcZb6vzzrFAUE61HnN4mpLqd/cSIwNQjtNWR0euPm6y0iqx3G4gOXaIDdtdDwZmhwe82LA6+zinmW4UBWVePQ=="],

    "is-interactive": ["is-interactive@2.0.0", "", {}, "sha512-qP1vozQRI+BMOPcjFzrjXuQvdak2pHNUMZoeG2eRbiSqyvbEf/wQtEOTOX1guk6E3t36RkaqiSt8A/6YElNxLQ=="],

    "is-stream": ["is-stream@3.0.0", "", {}, "sha512-LnQR4bZ9IADDRSkvpqMGvt/tEJWclzklNgSw48V5EAaAeDd6qGvN8ei6k5p0tvxSR171VmGyHuTiAOfxAbr8kA=="],

    "is-unicode-supported": ["is-unicode-supported@2.1.0", "", {}, "sha512-mE00Gnza5EEB3Ds0HfMyllZzbBrmLOX3vfWoj9A9PEnTfratQ/BcaJOuMhnkhjXvb2+FkY3VuHqtAGpTPmglFQ=="],

    "isexe": ["isexe@2.0.0", "", {}, "sha512-RHxMLp9lnKHGHRng9QFhRCMbYAcVpn69smSGcq3f36xjgVVWThj4qqLbTLlq7Ssj8B+fIQ1EuCEGI2lKsyQeIw=="],

    "js-tokens": ["js-tokens@9.0.1", "", {}, "sha512-mxa9E9ITFOt0ban3j6L5MpjwegGz6lBQmM1IJkWeBZGcMxto50+eWdjC/52xDbS2vy0k7vIMK0Fe2wfL9OQSpQ=="],

    "jsonfile": ["jsonfile@6.2.0", "", { "dependencies": { "universalify": "^2.0.0" }, "optionalDependencies": { "graceful-fs": "^4.1.6" } }, "sha512-FGuPw30AdOIUTRMC2OMRtQV+jkVj2cfPqSeWXv1NEAJ1qZ5zb1X6z1mFhbfOB/iy3ssJCD+3KuZ8r8C3uVFlAg=="],

    "local-pkg": ["local-pkg@0.5.1", "", { "dependencies": { "mlly": "^1.7.3", "pkg-types": "^1.2.1" } }, "sha512-9rrA30MRRP3gBD3HTGnC6cDFpaE1kVDWxWgqWJUN0RvDNAo+Nz/9GxB+nHOH0ifbVFy0hSA1V6vFDvnx54lTEQ=="],

    "log-symbols": ["log-symbols@6.0.0", "", { "dependencies": { "chalk": "^5.3.0", "is-unicode-supported": "^1.3.0" } }, "sha512-i24m8rpwhmPIS4zscNzK6MSEhk0DUWa/8iYQWxhffV8jkI4Phvs3F+quL5xvS0gdQR0FyTCMMH33Y78dDTzzIw=="],

    "loupe": ["loupe@2.3.7", "", { "dependencies": { "get-func-name": "^2.0.1" } }, "sha512-zSMINGVYkdpYSOBmLi0D1Uo7JU9nVdQKrHxC8eYlV+9YKK9WePqAlL7lSlorG/U2Fw1w0hTBmaa/jrQ3UbPHtA=="],

    "magic-string": ["magic-string@0.30.21", "", { "dependencies": { "@jridgewell/sourcemap-codec": "^1.5.5" } }, "sha512-vd2F4YUyEXKGcLHoq+TEyCjxueSeHnFxyyjNp80yg0XV4vUhnDer/lvvlqM/arB5bXQN5K2/3oinyCRyx8T2CQ=="],

    "make-error": ["make-error@1.3.6", "", {}, "sha512-s8UhlNe7vPKomQhC1qFelMokr/Sc3AgNbso3n74mVPA5LTZwkB9NlXf4XPamLxJE8h0gh73rM94xvwRT2CVInw=="],

    "merge-stream": ["merge-stream@2.0.0", "", {}, "sha512-abv/qOcuPfk3URPfDzmZU1LKmuw8kT+0nIHvKrKgFrwifol/doWcdA4ZqsWQ8ENrFKkd67Mfpo/LovbIUsbt3w=="],

    "mimic-fn": ["mimic-fn@4.0.0", "", {}, "sha512-vqiC06CuhBTUdZH+RYl8sFrL096vA45Ok5ISO6sE/Mr1jRbGH4Csnhi8f3wKVl7x8mO4Au7Ir9D3Oyv1VYMFJw=="],

    "mimic-function": ["mimic-function@5.0.1", "", {}, "sha512-VP79XUPxV2CigYP3jWwAUFSku2aKqBH7uTAapFWCBqutsbmDo96KY5o8uh6U+/YSIn5OxJnXp73beVkpqMIGhA=="],

    "mlly": ["mlly@1.8.0", "", { "dependencies": { "acorn": "^8.15.0", "pathe": "^2.0.3", "pkg-types": "^1.3.1", "ufo": "^1.6.1" } }, "sha512-l8D9ODSRWLe2KHJSifWGwBqpTZXIXTeo8mlKjY+E2HAakaTeNpqAyBZ8GSqLzHgw4XmHmC8whvpjJNMbFZN7/g=="],

    "ms": ["ms@2.1.3", "", {}, "sha512-6FlzubTLZG3J2a/NVCAleEhjzq5oxgHyaCU9yYXvcLsvoVaHJq/s5xXI6/XXP6tz7R9xAOtHnSO/tXtF3WRTlA=="],

    "nanoid": ["nanoid@3.3.11", "", { "bin": { "nanoid": "bin/nanoid.cjs" } }, "sha512-N8SpfPUnUp1bK+PMYW8qSWdl9U+wwNWI4QKxOYDy9JAro3WMX7p2OeVRF9v+347pnakNevPmiHhNmZ2HbFA76w=="],

    "npm-run-path": ["npm-run-path@5.3.0", "", { "dependencies": { "path-key": "^4.0.0" } }, "sha512-ppwTtiJZq0O/ai0z7yfudtBpWIoxM8yE6nHi1X47eFR2EWORqfbu6CnPlNsjeN683eT0qG6H/Pyf9fCcvjnnnQ=="],

    "onetime": ["onetime@6.0.0", "", { "dependencies": { "mimic-fn": "^4.0.0" } }, "sha512-1FlR+gjXK7X+AsAHso35MnyN5KqGwJRi/31ft6x0M194ht7S+rWAvd7PHss9xSKMzE0asv1pyIHaJYq+BbacAQ=="],

    "ora": ["ora@8.2.0", "", { "dependencies": { "chalk": "^5.3.0", "cli-cursor": "^5.0.0", "cli-spinners": "^2.9.2", "is-interactive": "^2.0.0", "is-unicode-supported": "^2.0.0", "log-symbols": "^6.0.0", "stdin-discarder": "^0.2.2", "string-width": "^7.2.0", "strip-ansi": "^7.1.0" } }, "sha512-weP+BZ8MVNnlCm8c0Qdc1WSWq4Qn7I+9CJGm7Qali6g44e/PUzbjNqJX5NJ9ljlNMosfJvg1fKEGILklK9cwnw=="],

    "p-limit": ["p-limit@5.0.0", "", { "dependencies": { "yocto-queue": "^1.0.0" } }, "sha512-/Eaoq+QyLSiXQ4lyYV23f14mZRQcXnxfHrN0vCai+ak9G0pp9iEQukIIZq5NccEvwRB8PUnZT0KsOoDCINS1qQ=="],

    "path-key": ["path-key@3.1.1", "", {}, "sha512-ojmeN0qd+y0jszEtoY48r0Peq5dwMEkIlCOu6Q5f41lfkswXuKtYrhgoTpLnyIcHm24Uhqx+5Tqm2InSwLhE6Q=="],

    "pathe": ["pathe@1.1.2", "", {}, "sha512-whLdWMYL2TwI08hn8/ZqAbrVemu0LNaNNJZX73O6qaIdCTfXutsLhMkjdENX0qhsQ9uIimo4/aQOmXkoon2nDQ=="],

    "pathval": ["pathval@1.1.1", "", {}, "sha512-Dp6zGqpTdETdR63lehJYPeIOqpiNBNtc7BpWSLrOje7UaIsE5aY92r/AunQA7rsXvet3lrJ3JnZX29UPTKXyKQ=="],

    "picocolors": ["picocolors@1.1.1", "", {}, "sha512-xceH2snhtb5M9liqDsmEw56le376mTZkEX/jEb/RxNFyegNul7eNslCXP9FDj/Lcu0X8KEyMceP2ntpaHrDEVA=="],

    "pkg-types": ["pkg-types@1.3.1", "", { "dependencies": { "confbox": "^0.1.8", "mlly": "^1.7.4", "pathe": "^2.0.1" } }, "sha512-/Jm5M4RvtBFVkKWRu2BLUTNP8/M2a+UwuAX+ae4770q1qVGtfjG+WTCupoZixokjmHiry8uI+dlY8KXYV5HVVQ=="],

    "postcss": ["postcss@8.5.6", "", { "dependencies": { "nanoid": "^3.3.11", "picocolors": "^1.1.1", "source-map-js": "^1.2.1" } }, "sha512-3Ybi1tAuwAP9s0r1UQ2J4n5Y0G05bJkpUIO0/bI9MhwmD70S5aTWbXGBwxHrelT+XM1k6dM0pk+SwNkpTRN7Pg=="],

    "pretty-format": ["pretty-format@29.7.0", "", { "dependencies": { "@jest/schemas": "^29.6.3", "ansi-styles": "^5.0.0", "react-is": "^18.0.0" } }, "sha512-Pdlw/oPxN+aXdmM9R00JVC9WVFoCLTKJvDVLgmJ+qAffBMxsV85l/Lu7sNx4zSzPyoL2euImuEwHhOXdEgNFZQ=="],

    "react-is": ["react-is@18.3.1", "", {}, "sha512-/LLMVyas0ljjAtoYiPqYiL8VWXzUUdThrmU5+n20DZv+a+ClRoevUzw5JxU+Ieh5/c87ytoTBV9G1FiKfNJdmg=="],

    "restore-cursor": ["restore-cursor@5.1.0", "", { "dependencies": { "onetime": "^7.0.0", "signal-exit": "^4.1.0" } }, "sha512-oMA2dcrw6u0YfxJQXm342bFKX/E4sG9rbTzO9ptUcR/e8A33cHuvStiYOwH7fszkZlZ1z/ta9AAoPk2F4qIOHA=="],

    "rollup": ["rollup@4.52.5", "", { "dependencies": { "@types/estree": "1.0.8" }, "optionalDependencies": { "@rollup/rollup-android-arm-eabi": "4.52.5", "@rollup/rollup-android-arm64": "4.52.5", "@rollup/rollup-darwin-arm64": "4.52.5", "@rollup/rollup-darwin-x64": "4.52.5", "@rollup/rollup-freebsd-arm64": "4.52.5", "@rollup/rollup-freebsd-x64": "4.52.5", "@rollup/rollup-linux-arm-gnueabihf": "4.52.5", "@rollup/rollup-linux-arm-musleabihf": "4.52.5", "@rollup/rollup-linux-arm64-gnu": "4.52.5", "@rollup/rollup-linux-arm64-musl": "4.52.5", "@rollup/rollup-linux-loong64-gnu": "4.52.5", "@rollup/rollup-linux-ppc64-gnu": "4.52.5", "@rollup/rollup-linux-riscv64-gnu": "4.52.5", "@rollup/rollup-linux-riscv64-musl": "4.52.5", "@rollup/rollup-linux-s390x-gnu": "4.52.5", "@rollup/rollup-linux-x64-gnu": "4.52.5", "@rollup/rollup-linux-x64-musl": "4.52.5", "@rollup/rollup-openharmony-arm64": "4.52.5", "@rollup/rollup-win32-arm64-msvc": "4.52.5", "@rollup/rollup-win32-ia32-msvc": "4.52.5", "@rollup/rollup-win32-x64-gnu": "4.52.5", "@rollup/rollup-win32-x64-msvc": "4.52.5", "fsevents": "~2.3.2" }, "bin": { "rollup": "dist/bin/rollup" } }, "sha512-3GuObel8h7Kqdjt0gxkEzaifHTqLVW56Y/bjN7PSQtkKr0w3V/QYSdt6QWYtd7A1xUtYQigtdUfgj1RvWVtorw=="],

    "shebang-command": ["shebang-command@2.0.0", "", { "dependencies": { "shebang-regex": "^3.0.0" } }, "sha512-kHxr2zZpYtdmrN1qDjrrX/Z1rR1kG8Dx+gkpK1G4eXmvXswmcE1hTWBWYUzlraYw1/yZp6YuDY77YtvbN0dmDA=="],

    "shebang-regex": ["shebang-regex@3.0.0", "", {}, "sha512-7++dFhtcx3353uBaq8DDR4NuxBetBzC7ZQOhmTQInHEd6bSrXdiEyzCvG07Z44UYdLShWUyXt5M/yhz8ekcb1A=="],

    "siginfo": ["siginfo@2.0.0", "", {}, "sha512-ybx0WO1/8bSBLEWXZvEd7gMW3Sn3JFlW3TvX1nREbDLRNQNaeNN8WK0meBwPdAaOI7TtRRRJn/Es1zhrrCHu7g=="],

    "signal-exit": ["signal-exit@4.1.0", "", {}, "sha512-bzyZ1e88w9O1iNJbKnOlvYTrWPDl46O1bG0D3XInv+9tkPrxrN8jUUTiFlDkkmKWgn1M6CfIA13SuGqOa9Korw=="],

    "sisteransi": ["sisteransi@1.0.5", "", {}, "sha512-bLGGlR1QxBcynn2d5YmDX4MGjlZvy2MRBDRNHLJ8VI6l6+9FUiyTFNJ0IveOSP0bcXgVDPRcfGqA0pjaqUpfVg=="],

    "source-map-js": ["source-map-js@1.2.1", "", {}, "sha512-UXWMKhLOwVKb728IUtQPXxfYU+usdybtUrK/8uGE8CQMvrhOpwvzDBwj0QhSL7MQc7vIsISBG8VQ8+IDQxpfQA=="],

    "stackback": ["stackback@0.0.2", "", {}, "sha512-1XMJE5fQo1jGH6Y/7ebnwPOBEkIEnT4QF32d5R1+VXdXveM0IBMJt8zfaxX1P3QhVwrYe+576+jkANtSS2mBbw=="],

    "std-env": ["std-env@3.10.0", "", {}, "sha512-5GS12FdOZNliM5mAOxFRg7Ir0pWz8MdpYm6AY6VPkGpbA7ZzmbzNcBJQ0GPvvyWgcY7QAhCgf9Uy89I03faLkg=="],

    "stdin-discarder": ["stdin-discarder@0.2.2", "", {}, "sha512-UhDfHmA92YAlNnCfhmq0VeNL5bDbiZGg7sZ2IvPsXubGkiNa9EC+tUTsjBRsYUAz87btI6/1wf4XoVvQ3uRnmQ=="],

    "string-width": ["string-width@7.2.0", "", { "dependencies": { "emoji-regex": "^10.3.0", "get-east-asian-width": "^1.0.0", "strip-ansi": "^7.1.0" } }, "sha512-tsaTIkKW9b4N+AEj+SVA+WhJzV7/zMhcSu78mLKWSk7cXMOSHsBKFWUs0fWwq8QyK3MgJBQRX6Gbi4kYbdvGkQ=="],

    "strip-ansi": ["strip-ansi@7.1.2", "", { "dependencies": { "ansi-regex": "^6.0.1" } }, "sha512-gmBGslpoQJtgnMAvOVqGZpEz9dyoKTCzy2nfz/n8aIFhN/jCE/rCmcxabB6jOOHV+0WNnylOxaxBQPSvcWklhA=="],

    "strip-final-newline": ["strip-final-newline@3.0.0", "", {}, "sha512-dOESqjYr96iWYylGObzd39EuNTa5VJxyvVAEm5Jnh7KGo75V43Hk1odPQkNDyXNmUR6k+gEiDVXnjB8HJ3crXw=="],

    "strip-literal": ["strip-literal@2.1.1", "", { "dependencies": { "js-tokens": "^9.0.1" } }, "sha512-631UJ6O00eNGfMiWG78ck80dfBab8X6IVFB51jZK5Icd7XAs60Z5y7QdSd/wGIklnWvRbUNloVzhOKKmutxQ6Q=="],

    "tinybench": ["tinybench@2.9.0", "", {}, "sha512-0+DUvqWMValLmha6lr4kD8iAMK1HzV0/aKnCtWb9v9641TnP/MFb7Pc2bxoxQjTXAErryXVgUOfv2YqNllqGeg=="],

    "tinypool": ["tinypool@0.8.4", "", {}, "sha512-i11VH5gS6IFeLY3gMBQ00/MmLncVP7JLXOw1vlgkytLmJK7QnEr7NXf0LBdxfmNPAeyetukOk0bOYrJrFGjYJQ=="],

    "tinyspy": ["tinyspy@2.2.1", "", {}, "sha512-KYad6Vy5VDWV4GH3fjpseMQ/XU2BhIYP7Vzd0LG44qRWm/Yt2WCOTicFdvmgo6gWaqooMQCawTtILVQJupKu7A=="],

    "ts-node": ["ts-node@10.9.2", "", { "dependencies": { "@cspotcode/source-map-support": "^0.8.0", "@tsconfig/node10": "^1.0.7", "@tsconfig/node12": "^1.0.7", "@tsconfig/node14": "^1.0.0", "@tsconfig/node16": "^1.0.2", "acorn": "^8.4.1", "acorn-walk": "^8.1.1", "arg": "^4.1.0", "create-require": "^1.1.0", "diff": "^4.0.1", "make-error": "^1.1.1", "v8-compile-cache-lib": "^3.0.1", "yn": "3.1.1" }, "peerDependencies": { "@swc/core": ">=1.2.50", "@swc/wasm": ">=1.2.50", "@types/node": "*", "typescript": ">=2.7" }, "optionalPeers": ["@swc/core", "@swc/wasm"], "bin": { "ts-node": "dist/bin.js", "ts-script": "dist/bin-script-deprecated.js", "ts-node-cwd": "dist/bin-cwd.js", "ts-node-esm": "dist/bin-esm.js", "ts-node-script": "dist/bin-script.js", "ts-node-transpile-only": "dist/bin-transpile.js" } }, "sha512-f0FFpIdcHgn8zcPSbf1dRevwt047YMnaiJM3u2w2RewrB+fob/zePZcrOyQoLMMO7aBIddLcQIEK5dYjkLnGrQ=="],

    "tslib": ["tslib@2.7.0", "", {}, "sha512-gLXCKdN1/j47AiHiOkJN69hJmcbGTHI0ImLmbYLHykhgeN0jVGola9yVjFgzCUklsZQMW55o+dW7IXv3RCXDzA=="],

    "type-detect": ["type-detect@4.1.0", "", {}, "sha512-Acylog8/luQ8L7il+geoSxhEkazvkslg7PSNKOX59mbB9cOveP5aq9h74Y7YU8yDpJwetzQQrfIwtf4Wp4LKcw=="],

    "typescript": ["typescript@5.9.3", "", { "bin": { "tsc": "bin/tsc", "tsserver": "bin/tsserver" } }, "sha512-jl1vZzPDinLr9eUt3J/t7V6FgNEw9QjvBPdysz9KfQDD41fQrC2Y4vKQdiaUpFT4bXlb1RHhLpp8wtm6M5TgSw=="],

    "ufo": ["ufo@1.6.1", "", {}, "sha512-9a4/uxlTWJ4+a5i0ooc1rU7C7YOw3wT+UGqdeNNHWnOF9qcMBgLRS+4IYUqbczewFx4mLEig6gawh7X6mFlEkA=="],

    "undici-types": ["undici-types@6.21.0", "", {}, "sha512-iwDZqg0QAGrg9Rav5H4n0M64c3mkR59cJ6wQp+7C4nI0gsmExaedaYLNO44eT4AtBBwjbTiGPMlt2Md0T9H9JQ=="],

    "universalify": ["universalify@2.0.1", "", {}, "sha512-gptHNQghINnc/vTGIk0SOFGFNXw7JVrlRUtConJRlvaw6DuX0wO5Jeko9sWrMBhh+PsYAZ7oXAiOnf/UKogyiw=="],

    "v8-compile-cache-lib": ["v8-compile-cache-lib@3.0.1", "", {}, "sha512-wa7YjyUGfNZngI/vtK0UHAN+lgDCxBPCylVXGp0zu59Fz5aiGtNXaq3DhIov063MorB+VfufLh3JlF2KdTK3xg=="],

    "vite": ["vite@5.4.21", "", { "dependencies": { "esbuild": "^0.21.3", "postcss": "^8.4.43", "rollup": "^4.20.0" }, "optionalDependencies": { "fsevents": "~2.3.3" }, "peerDependencies": { "@types/node": "^18.0.0 || >=20.0.0", "less": "*", "lightningcss": "^1.21.0", "sass": "*", "sass-embedded": "*", "stylus": "*", "sugarss": "*", "terser": "^5.4.0" }, "optionalPeers": ["@types/node", "less", "lightningcss", "sass", "sass-embedded", "stylus", "sugarss", "terser"], "bin": { "vite": "bin/vite.js" } }, "sha512-o5a9xKjbtuhY6Bi5S3+HvbRERmouabWbyUcpXXUA1u+GNUKoROi9byOJ8M0nHbHYHkYICiMlqxkg1KkYmm25Sw=="],

    "vite-node": ["vite-node@1.6.1", "", { "dependencies": { "cac": "^6.7.14", "debug": "^4.3.4", "pathe": "^1.1.1", "picocolors": "^1.0.0", "vite": "^5.0.0" }, "bin": { "vite-node": "vite-node.mjs" } }, "sha512-YAXkfvGtuTzwWbDSACdJSg4A4DZiAqckWe90Zapc/sEX3XvHcw1NdurM/6od8J207tSDqNbSsgdCacBgvJKFuA=="],

    "vitest": ["vitest@1.6.1", "", { "dependencies": { "@vitest/expect": "1.6.1", "@vitest/runner": "1.6.1", "@vitest/snapshot": "1.6.1", "@vitest/spy": "1.6.1", "@vitest/utils": "1.6.1", "acorn-walk": "^8.3.2", "chai": "^4.3.10", "debug": "^4.3.4", "execa": "^8.0.1", "local-pkg": "^0.5.0", "magic-string": "^0.30.5", "pathe": "^1.1.1", "picocolors": "^1.0.0", "std-env": "^3.5.0", "strip-literal": "^2.0.0", "tinybench": "^2.5.1", "tinypool": "^0.8.3", "vite": "^5.0.0", "vite-node": "1.6.1", "why-is-node-running": "^2.2.2" }, "peerDependencies": { "@edge-runtime/vm": "*", "@types/node": "^18.0.0 || >=20.0.0", "@vitest/browser": "1.6.1", "@vitest/ui": "1.6.1", "happy-dom": "*", "jsdom": "*" }, "optionalPeers": ["@edge-runtime/vm", "@types/node", "@vitest/browser", "@vitest/ui", "happy-dom", "jsdom"], "bin": { "vitest": "vitest.mjs" } }, "sha512-Ljb1cnSJSivGN0LqXd/zmDbWEM0RNNg2t1QW/XUhYl/qPqyu7CsqeWtqQXHVaJsecLPuDoak2oJcZN2QoRIOag=="],

    "which": ["which@2.0.2", "", { "dependencies": { "isexe": "^2.0.0" }, "bin": { "node-which": "./bin/node-which" } }, "sha512-BLI3Tl1TW3Pvl70l3yq3Y64i+awpwXqsGBYWkkqMtnbXgrMD+yj7rhW0kuEDxzJaYXGjEW5ogapKNMEKNMjibA=="],

    "why-is-node-running": ["why-is-node-running@2.3.0", "", { "dependencies": { "siginfo": "^2.0.0", "stackback": "0.0.2" }, "bin": { "why-is-node-running": "cli.js" } }, "sha512-hUrmaWBdVDcxvYqnyh09zunKzROWjbZTiNy8dBEjkS7ehEDQibXJ7XvlmtbwuTclUiIyN+CyXQD4Vmko8fNm8w=="],

    "ws": ["ws@8.17.1", "", { "peerDependencies": { "bufferutil": "^4.0.1", "utf-8-validate": ">=5.0.2" }, "optionalPeers": ["bufferutil", "utf-8-validate"] }, "sha512-6XQFvXTkbfUOZOKKILFG1PDK2NDQs4azKQl26T0YS5CxqWLgXajbPZ+h4gZekJyRqFU8pvnbAbbs/3TgRPy+GQ=="],

    "yaml": ["yaml@2.8.1", "", { "bin": { "yaml": "bin.mjs" } }, "sha512-lcYcMxX2PO9XMGvAJkJ3OsNMw+/7FKes7/hgerGUYWIoWu5j/+YQqcZr5JnPZWzOsEBgMbSbiSTn/dv/69Mkpw=="],

    "yn": ["yn@3.1.1", "", {}, "sha512-Ux4ygGWsu2c7isFWe8Yu1YluJmqVhxqK2cLXNQA5AcC3QfbGNpM7fu0Y8b/z16pXLnFxZYvWhd3fhBY9DLmC6Q=="],

    "yocto-queue": ["yocto-queue@1.2.1", "", {}, "sha512-AyeEbWOu/TAXdxlV9wmGcR0+yh2j3vYPGOECcIj2S7MkrLyC7ne+oye2BKTItt0ii2PHk4cDy+95+LshzbXnGg=="],

    "zod": ["zod@3.25.76", "", {}, "sha512-gzUt/qt81nXsFGKIFcC3YnfEAx5NkunCfnDlvuBSSFS02bcXu4Lmea0AFIUwbLWxWPx3d9p8S5QoaujKcNQxcQ=="],

    "@clack/prompts/is-unicode-supported": ["is-unicode-supported@2.1.0", "", { "bundled": true }, "sha512-mE00Gnza5EEB3Ds0HfMyllZzbBrmLOX3vfWoj9A9PEnTfratQ/BcaJOuMhnkhjXvb2+FkY3VuHqtAGpTPmglFQ=="],

    "@types/jsonfile/@types/node": ["@types/node@22.7.5", "", { "dependencies": { "undici-types": "~6.19.2" } }, "sha512-jML7s2NAzMWc//QSJ1a3prpk78cOPchGvXJsC3C6R6PSMoooztvRVQEz89gmBTBY1SPMaqo5teB4uNHPdetShQ=="],

    "ethers/@types/node": ["@types/node@22.7.5", "", { "dependencies": { "undici-types": "~6.19.2" } }, "sha512-jML7s2NAzMWc//QSJ1a3prpk78cOPchGvXJsC3C6R6PSMoooztvRVQEz89gmBTBY1SPMaqo5teB4uNHPdetShQ=="],

    "log-symbols/is-unicode-supported": ["is-unicode-supported@1.3.0", "", {}, "sha512-43r2mRvz+8JRIKnWJ+3j8JtjRKZ6GmjzfaE/qiBJnikNnYv/6bagRJ1kUhNk8R5EX/GkobD+r+sfxCPJsiKBLQ=="],

    "mlly/pathe": ["pathe@2.0.3", "", {}, "sha512-WUjGcAqP1gQacoQe+OBJsFA7Ld4DyXuUIjZ5cc75cLHvJ7dtNsTugphxIADwspS+AraAUePCKrSVtPLFj/F88w=="],

    "npm-run-path/path-key": ["path-key@4.0.0", "", {}, "sha512-haREypq7xkM7ErfgIyA0z+Bj4AGKlMSdlQE2jvJo6huWD1EdkKYV+G/T4nq0YEF2vgTT8kqMFKo1uHn950r4SQ=="],

    "pkg-types/pathe": ["pathe@2.0.3", "", {}, "sha512-WUjGcAqP1gQacoQe+OBJsFA7Ld4DyXuUIjZ5cc75cLHvJ7dtNsTugphxIADwspS+AraAUePCKrSVtPLFj/F88w=="],

    "restore-cursor/onetime": ["onetime@7.0.0", "", { "dependencies": { "mimic-function": "^5.0.0" } }, "sha512-VXJjc87FScF88uafS3JllDgvAm+c/Slfz06lorj2uAY34rlUu0Nt+v8wreiImcrgAjjIHp1rXpTDlLOGw29WwQ=="],

    "@types/jsonfile/@types/node/undici-types": ["undici-types@6.19.8", "", {}, "sha512-ve2KP6f/JnbPBFyobGHuerC9g1FYGn/F8n1LWTwNxCEzd6IfqTwUQcNXgEtmmQ6DlRrC1hrSrBnCZPokRrDHjw=="],

    "ethers/@types/node/undici-types": ["undici-types@6.19.8", "", {}, "sha512-ve2KP6f/JnbPBFyobGHuerC9g1FYGn/F8n1LWTwNxCEzd6IfqTwUQcNXgEtmmQ6DlRrC1hrSrBnCZPokRrDHjw=="],
  }
}
