[[dependencies]]
name = "forge-std"
version = "1.11.0"
url = "https://soldeer-revisions.s3.amazonaws.com/forge-std/1_11_0_09-10-2025_06:23:22_forge-std-1.11.zip"
checksum = "0290ef84c693dc9086f98f6a9b4a69dc5c2b6aa1cfe10a989bd1def1a456c099"
integrity = "84aa7d32f8c7329468cf16f31f0f74e68072e634fdbde98f3bb00c6b136103b2"
