{
  "lockfileVersion": 1,
  "configVersion": 1,
  "workspaces": {
    "": {
      "name": "@fhevm/local-cli",
      "dependencies": {
        "@fhevm/sdk": "file:../../sdk/js-sdk/src",
        "@solana/kit": "6.10.0",
        "citty": "^0.1.6",
        "yaml": "^2.8.1",
      },
      "devDependencies": {
        "bun-types": "1.3.10",
        "typescript": "^5.9.2",
      },
    },
  },
  "packages": {
    "@fhevm/sdk": ["@fhevm/sdk@file:../../sdk/js-sdk/src", { "dependencies": { "@noble/curves": "2.0.1", "@noble/hashes": "2.0.1", "wasm-feature-detect": "^1.8.0" }, "peerDependencies": { "ethers": ">=6.8.0", "typescript": ">=5.0.4", "viem": ">=2" }, "optionalPeers": ["ethers", "typescript", "viem"] }],

    "@noble/curves": ["@noble/curves@2.0.1", "", { "dependencies": { "@noble/hashes": "2.0.1" } }, "sha512-vs1Az2OOTBiP4q0pwjW5aF0xp9n4MxVrmkFBxc6EKZc6ddYx5gaZiAsZoq0uRRXWbi3AT/sBqn05eRPtn1JCPw=="],

    "@noble/hashes": ["@noble/hashes@2.0.1", "", {}, "sha512-XlOlEbQcE9fmuXxrVTXCTlG2nlRXa9Rj3rr5Ue/+tX+nmkgbX720YHh0VR3hBF9xDvwnb8D2shVGOwNx+ulArw=="],

    "@solana/accounts": ["@solana/accounts@6.10.0", "", { "dependencies": { "@solana/addresses": "6.10.0", "@solana/codecs-core": "6.10.0", "@solana/codecs-strings": "6.10.0", "@solana/errors": "6.10.0", "@solana/rpc-spec": "6.10.0", "@solana/rpc-types": "6.10.0" }, "peerDependencies": { "typescript": ">=5.4.0" }, "optionalPeers": ["typescript"] }, "sha512-+FxfDOrnifoPlBkF+fr8eeQdgM6xtIgAg9xKMu3WnIz60oZd4Xnry6+ff6t+ePPoZZp397FSg9ZJet68VCWm5Q=="],

    "@solana/addresses": ["@solana/addresses@6.10.0", "", { "dependencies": { "@solana/assertions": "6.10.0", "@solana/codecs-core": "6.10.0", "@solana/codecs-strings": "6.10.0", "@solana/errors": "6.10.0", "@solana/nominal-types": "6.10.0" }, "peerDependencies": { "typescript": ">=5.4.0" }, "optionalPeers": ["typescript"] }, "sha512-vEoCGBTxG0HCERAn84KXkrJjl+pDaNzOpZ0qbgcPS98fYxP5yzbKB8SNOY2bzrbkRUmmw5Q3hqTRERemUN2Gcw=="],

    "@solana/assertions": ["@solana/assertions@6.10.0", "", { "dependencies": { "@solana/errors": "6.10.0" }, "peerDependencies": { "typescript": ">=5.4.0" }, "optionalPeers": ["typescript"] }, "sha512-lKSAdVo+P/6Lp4vs6shstXmFOpvxrABwn4o1462tb7sKkNapk6o9pPFVPGw4DUgPS3WqWRs1j2tmpuVjhQRntg=="],

    "@solana/codecs": ["@solana/codecs@6.10.0", "", { "dependencies": { "@solana/codecs-core": "6.10.0", "@solana/codecs-data-structures": "6.10.0", "@solana/codecs-numbers": "6.10.0", "@solana/codecs-strings": "6.10.0", "@solana/fixed-points": "6.10.0", "@solana/options": "6.10.0" }, "peerDependencies": { "typescript": ">=5.4.0" }, "optionalPeers": ["typescript"] }, "sha512-lLVuxod4ChWp9i7OvpgIykYG8Q9OGPVXKnHM9VlzDDLylsx7Y1FoQL00sHa7PqFkJVmkBufaA6dcGbQ7FU+lAQ=="],

    "@solana/codecs-core": ["@solana/codecs-core@6.10.0", "", { "dependencies": { "@solana/errors": "6.10.0" }, "peerDependencies": { "typescript": ">=5.4.0" }, "optionalPeers": ["typescript"] }, "sha512-nfAl9OMGo4HanIMxGsQoVB7BxMoqBCYEUxl8oEAZZ09pDxnaXQZkTRXEwPPccag37XfW1ciPd1vWPKwB2b0HHQ=="],

    "@solana/codecs-data-structures": ["@solana/codecs-data-structures@6.10.0", "", { "dependencies": { "@solana/codecs-core": "6.10.0", "@solana/codecs-numbers": "6.10.0", "@solana/errors": "6.10.0" }, "peerDependencies": { "typescript": ">=5.4.0" }, "optionalPeers": ["typescript"] }, "sha512-CNasJW3bq5u+632Zt5aJ8rOjAjv2HyenpV8o9kAIqdmV4CBpjCCoBnKn8LkuR/sbeREZxJYfhKTXO/9ruAkw7A=="],

    "@solana/codecs-numbers": ["@solana/codecs-numbers@6.10.0", "", { "dependencies": { "@solana/codecs-core": "6.10.0", "@solana/errors": "6.10.0" }, "peerDependencies": { "typescript": ">=5.4.0" }, "optionalPeers": ["typescript"] }, "sha512-CcM+wX4zOiA9zkh8A7t1787A0Ehgmu5+6Z2tKoHew6cNw/dkaUTPa8JnNHbvfsLC8dfHC1BhAEJl86sKmRsfkQ=="],

    "@solana/codecs-strings": ["@solana/codecs-strings@6.10.0", "", { "dependencies": { "@solana/codecs-core": "6.10.0", "@solana/codecs-numbers": "6.10.0", "@solana/errors": "6.10.0" }, "peerDependencies": { "fastestsmallesttextencoderdecoder": "^1.0.22", "typescript": ">=5.4.0" }, "optionalPeers": ["fastestsmallesttextencoderdecoder", "typescript"] }, "sha512-zlaqkg7K6F6IN4V/Ec8TWkTn054gxv7ZLagvGkuEyAdPQ6BzzsehOm2TqCuyXgJJTCGPLY1bEk6yH9NxANe0kA=="],

    "@solana/errors": ["@solana/errors@6.10.0", "", { "dependencies": { "chalk": "5.6.2", "commander": "15.0.0" }, "peerDependencies": { "typescript": ">=5.4.0" }, "optionalPeers": ["typescript"], "bin": { "errors": "bin/cli.mjs" } }, "sha512-KBLAxCtAXr357JNhCyIDQXWbuSj5vN6w+28FSfcYY6OOSiphmXLAV3V58jgV0C6iNbIzFJFi6yatFyDTdeJsNg=="],

    "@solana/fast-stable-stringify": ["@solana/fast-stable-stringify@6.10.0", "", { "peerDependencies": { "typescript": ">=5.4.0" }, "optionalPeers": ["typescript"] }, "sha512-iCNed27wk6PKSS3QUtHovRfMWF/jbVWogs2vB4tukKUCsqG4rDfDInIwZ6ur/nY6XTrgi2gMMdZq9GAUlWsbfw=="],

    "@solana/fixed-points": ["@solana/fixed-points@6.10.0", "", { "dependencies": { "@solana/codecs-core": "6.10.0", "@solana/errors": "6.10.0" }, "peerDependencies": { "typescript": ">=5.4.0" }, "optionalPeers": ["typescript"] }, "sha512-ZkKL0alXH3L7/wMiVG8YUuG8qBKunlM810+YBD7nUPRhifiGsX1zwADViHLYNqLr/jUk0mTYFUcKznTpB/K+Gg=="],

    "@solana/functional": ["@solana/functional@6.10.0", "", { "peerDependencies": { "typescript": ">=5.4.0" }, "optionalPeers": ["typescript"] }, "sha512-P8cevu4mAqHTXC37h1TVoOh8zhWB2tlOI/R9vWjYPpcLwcyWf8p2qq4LEGHl5kY+1C+4PNX39HsmCocXOPCDkQ=="],

    "@solana/instruction-plans": ["@solana/instruction-plans@6.10.0", "", { "dependencies": { "@solana/errors": "6.10.0", "@solana/instructions": "6.10.0", "@solana/keys": "6.10.0", "@solana/promises": "6.10.0", "@solana/transaction-messages": "6.10.0", "@solana/transactions": "6.10.0" }, "peerDependencies": { "typescript": ">=5.4.0" }, "optionalPeers": ["typescript"] }, "sha512-YG7mo4zykzdc6ZTV0BuN6pveK9qeBySzlYYerq578A4eQu3xcypMAYRGAvhMZtWTanjjmD6CKtM0M7kVp0TNxg=="],

    "@solana/instructions": ["@solana/instructions@6.10.0", "", { "dependencies": { "@solana/codecs-core": "6.10.0", "@solana/errors": "6.10.0" }, "peerDependencies": { "typescript": ">=5.4.0" }, "optionalPeers": ["typescript"] }, "sha512-0TToYF+8LXQ3ofPMx+yF6yaM9l4YJvcAPMy0qV5JsrBUFlWXBSANRuudKBQLHMvb+a3OiUTq5X7omuorKMBB3A=="],

    "@solana/keys": ["@solana/keys@6.10.0", "", { "dependencies": { "@solana/assertions": "6.10.0", "@solana/codecs-core": "6.10.0", "@solana/codecs-strings": "6.10.0", "@solana/errors": "6.10.0", "@solana/nominal-types": "6.10.0", "@solana/promises": "6.10.0" }, "peerDependencies": { "typescript": ">=5.4.0" }, "optionalPeers": ["typescript"] }, "sha512-26IRfdm/hTUCmM7MeEeX0ULSbCM6OzkZTkfkrPircqmRM7xyNqP4hq7u0P7wjb9dl7NfgyG6K7cdvUxrj2e3mA=="],

    "@solana/kit": ["@solana/kit@6.10.0", "", { "dependencies": { "@solana/accounts": "6.10.0", "@solana/addresses": "6.10.0", "@solana/codecs": "6.10.0", "@solana/errors": "6.10.0", "@solana/functional": "6.10.0", "@solana/instruction-plans": "6.10.0", "@solana/instructions": "6.10.0", "@solana/keys": "6.10.0", "@solana/offchain-messages": "6.10.0", "@solana/plugin-core": "6.10.0", "@solana/plugin-interfaces": "6.10.0", "@solana/program-client-core": "6.10.0", "@solana/programs": "6.10.0", "@solana/rpc": "6.10.0", "@solana/rpc-api": "6.10.0", "@solana/rpc-parsed-types": "6.10.0", "@solana/rpc-spec-types": "6.10.0", "@solana/rpc-subscriptions": "6.10.0", "@solana/rpc-types": "6.10.0", "@solana/signers": "6.10.0", "@solana/subscribable": "6.10.0", "@solana/sysvars": "6.10.0", "@solana/transaction-confirmation": "6.10.0", "@solana/transaction-messages": "6.10.0", "@solana/transactions": "6.10.0" }, "peerDependencies": { "typescript": ">=5.4.0" }, "optionalPeers": ["typescript"] }, "sha512-/WnnQp3uARh2JCFSfAakejTAqwmXVuMVTcRn5r2yDwY2yzZ4R6mt/Cl59VPimVLNSoTyN/KsEwhv9omr3ERazQ=="],

    "@solana/nominal-types": ["@solana/nominal-types@6.10.0", "", { "peerDependencies": { "typescript": ">=5.4.0" }, "optionalPeers": ["typescript"] }, "sha512-9ykyBBvnkInH7fCacjJi7zu2PJyd+OCt+VTjIISv070fHzKIMFqZqJJ/dJ0SRH2aHwfB3n86iVsmtBtuxi4KKA=="],

    "@solana/offchain-messages": ["@solana/offchain-messages@6.10.0", "", { "dependencies": { "@solana/addresses": "6.10.0", "@solana/codecs-core": "6.10.0", "@solana/codecs-data-structures": "6.10.0", "@solana/codecs-numbers": "6.10.0", "@solana/codecs-strings": "6.10.0", "@solana/errors": "6.10.0", "@solana/keys": "6.10.0", "@solana/nominal-types": "6.10.0" }, "peerDependencies": { "typescript": ">=5.4.0" }, "optionalPeers": ["typescript"] }, "sha512-RiEgAueeMkFMC1suOXBIcmCZgtXRxy24yk0DldPB37bB4zwOF1SAaRjNRPjIkGK8RhCYrEpPosnzLyavw9ueRg=="],

    "@solana/options": ["@solana/options@6.10.0", "", { "dependencies": { "@solana/codecs-core": "6.10.0", "@solana/codecs-data-structures": "6.10.0", "@solana/codecs-numbers": "6.10.0", "@solana/codecs-strings": "6.10.0", "@solana/errors": "6.10.0" }, "peerDependencies": { "typescript": ">=5.4.0" }, "optionalPeers": ["typescript"] }, "sha512-RO9UT3UYD8/Cu2uM6ZXbKvLeMnVD42+g9JRds7Pfs4AhiOyg4R4TJrQUAppTgavPTO3PBRlWtWOC05ZH/yAIbg=="],

    "@solana/plugin-core": ["@solana/plugin-core@6.10.0", "", { "peerDependencies": { "typescript": ">=5.4.0" }, "optionalPeers": ["typescript"] }, "sha512-JE70YTQOfFACVFGvoJon4Scc/eHUWjMu8Ovo35CcV2kHTAHYMCd4UkBd2gmlhK0vRMMomsQi1ZLPlAlTq0OoUQ=="],

    "@solana/plugin-interfaces": ["@solana/plugin-interfaces@6.10.0", "", { "dependencies": { "@solana/addresses": "6.10.0", "@solana/instruction-plans": "6.10.0", "@solana/keys": "6.10.0", "@solana/rpc-spec": "6.10.0", "@solana/rpc-subscriptions-spec": "6.10.0", "@solana/rpc-types": "6.10.0", "@solana/signers": "6.10.0" }, "peerDependencies": { "typescript": ">=5.4.0" }, "optionalPeers": ["typescript"] }, "sha512-vr0/l9wcM4orwGr8cjkFWaJ9A4HvzuAv00jMFNMg0Spd0GZqnwnpW+D/fXa1lIJnTRaF3EeEjLh4VjKU037T0Q=="],

    "@solana/program-client-core": ["@solana/program-client-core@6.10.0", "", { "dependencies": { "@solana/accounts": "6.10.0", "@solana/addresses": "6.10.0", "@solana/codecs-core": "6.10.0", "@solana/errors": "6.10.0", "@solana/instruction-plans": "6.10.0", "@solana/instructions": "6.10.0", "@solana/plugin-interfaces": "6.10.0", "@solana/rpc-api": "6.10.0", "@solana/signers": "6.10.0" }, "peerDependencies": { "typescript": ">=5.4.0" }, "optionalPeers": ["typescript"] }, "sha512-4PPbTLdC1ylHIuvhOFDP8RnSkXPCFjNFWGslzc+UFKnoR4ajzBcByX94jmaruDMk5ncxgj7tr9pzJTvfGHIaMA=="],

    "@solana/programs": ["@solana/programs@6.10.0", "", { "dependencies": { "@solana/addresses": "6.10.0", "@solana/errors": "6.10.0" }, "peerDependencies": { "typescript": ">=5.4.0" }, "optionalPeers": ["typescript"] }, "sha512-qn/HeLP5KGUJXVub3fyGe69/rWaLX4jzwm6V/1pNxJDbdF+MBdgn18hP6F+VmhfdNmwK0lue3J/1HQ1UTMuQeQ=="],

    "@solana/promises": ["@solana/promises@6.10.0", "", { "peerDependencies": { "typescript": ">=5.4.0" }, "optionalPeers": ["typescript"] }, "sha512-oJSIn+VBBMWDo8oqw7RV3tI6Jih+Ieup6FcQLYLDUriaeo7+8l1Zdezl8zh7SIfeU4lOfAbRg6mR0huaS/Lltg=="],

    "@solana/rpc": ["@solana/rpc@6.10.0", "", { "dependencies": { "@solana/errors": "6.10.0", "@solana/fast-stable-stringify": "6.10.0", "@solana/functional": "6.10.0", "@solana/rpc-api": "6.10.0", "@solana/rpc-spec": "6.10.0", "@solana/rpc-spec-types": "6.10.0", "@solana/rpc-transformers": "6.10.0", "@solana/rpc-transport-http": "6.10.0", "@solana/rpc-types": "6.10.0" }, "peerDependencies": { "typescript": ">=5.4.0" }, "optionalPeers": ["typescript"] }, "sha512-EwxsqoD+NXV+m+iobnWNtATD93gTgaNsOiQOzYB1/2e+8S6fl6obdNPB55yfXgtl4jt6GV6/ae4xuPhLv76vvg=="],

    "@solana/rpc-api": ["@solana/rpc-api@6.10.0", "", { "dependencies": { "@solana/addresses": "6.10.0", "@solana/codecs-core": "6.10.0", "@solana/codecs-strings": "6.10.0", "@solana/errors": "6.10.0", "@solana/keys": "6.10.0", "@solana/rpc-parsed-types": "6.10.0", "@solana/rpc-spec": "6.10.0", "@solana/rpc-transformers": "6.10.0", "@solana/rpc-types": "6.10.0", "@solana/transaction-messages": "6.10.0", "@solana/transactions": "6.10.0" }, "peerDependencies": { "typescript": ">=5.4.0" }, "optionalPeers": ["typescript"] }, "sha512-RjPIVsAb/85P1ptoO3WpC0x7QG6gG/e4q/3lo6gbSznUZOcoM+8sSBnCX7BwP1ZkCDS6NK/ClXLnhhhYZx+OGg=="],

    "@solana/rpc-parsed-types": ["@solana/rpc-parsed-types@6.10.0", "", { "peerDependencies": { "typescript": ">=5.4.0" }, "optionalPeers": ["typescript"] }, "sha512-5275mvSV1mxhwvrMVa+K7BU/nAetpHfcb+8Ql9rtA8RRf6DyiimFQFZUukE4Ez6XJihEpCHNy98yhkgai9wytQ=="],

    "@solana/rpc-spec": ["@solana/rpc-spec@6.10.0", "", { "dependencies": { "@solana/errors": "6.10.0", "@solana/rpc-spec-types": "6.10.0", "@solana/subscribable": "6.10.0" }, "peerDependencies": { "typescript": ">=5.4.0" }, "optionalPeers": ["typescript"] }, "sha512-yQdbWw5mZEWrwsunHR9NHkuhMXIB9sPOObwm18D53v5tAJnxTB0IcHvO647XqFDLTK/yQ4AdDtlYD1vsY07AMQ=="],

    "@solana/rpc-spec-types": ["@solana/rpc-spec-types@6.10.0", "", { "peerDependencies": { "typescript": ">=5.4.0" }, "optionalPeers": ["typescript"] }, "sha512-NDZrKyZrJk4HaMFhTE/lAiMB824cWAodKqDHyKi0UteHU9pyRmil3BN1jt7e+j08mwMWwfklSgyrTaq52g6DIQ=="],

    "@solana/rpc-subscriptions": ["@solana/rpc-subscriptions@6.10.0", "", { "dependencies": { "@solana/errors": "6.10.0", "@solana/fast-stable-stringify": "6.10.0", "@solana/functional": "6.10.0", "@solana/promises": "6.10.0", "@solana/rpc-spec-types": "6.10.0", "@solana/rpc-subscriptions-api": "6.10.0", "@solana/rpc-subscriptions-channel-websocket": "6.10.0", "@solana/rpc-subscriptions-spec": "6.10.0", "@solana/rpc-transformers": "6.10.0", "@solana/rpc-types": "6.10.0", "@solana/subscribable": "6.10.0" }, "peerDependencies": { "typescript": ">=5.4.0" }, "optionalPeers": ["typescript"] }, "sha512-6mfuHp/K7unFKCOTCCBC9ziEGnxe2tyJ74EbR51QUnBeCUdYD7Hhdpxic1WRSJ3UeNW/mG4OzFM6z8Wi64Eh9Q=="],

    "@solana/rpc-subscriptions-api": ["@solana/rpc-subscriptions-api@6.10.0", "", { "dependencies": { "@solana/addresses": "6.10.0", "@solana/keys": "6.10.0", "@solana/rpc-subscriptions-spec": "6.10.0", "@solana/rpc-transformers": "6.10.0", "@solana/rpc-types": "6.10.0", "@solana/transaction-messages": "6.10.0", "@solana/transactions": "6.10.0" }, "peerDependencies": { "typescript": ">=5.4.0" }, "optionalPeers": ["typescript"] }, "sha512-CRPQoTtT1cOwOQUsqS7jgo7wYdAj7jB5ab/UmMPWVpecf2FNMhWhgvxP2s82M7VkDGTGl13qaQ0WySmi7Egrlg=="],

    "@solana/rpc-subscriptions-channel-websocket": ["@solana/rpc-subscriptions-channel-websocket@6.10.0", "", { "dependencies": { "@solana/errors": "6.10.0", "@solana/functional": "6.10.0", "@solana/rpc-subscriptions-spec": "6.10.0", "@solana/subscribable": "6.10.0", "ws": "^8.21.0" }, "peerDependencies": { "typescript": ">=5.4.0" }, "optionalPeers": ["typescript"] }, "sha512-KkqP1186HELPlJftA88SNAT2znR8knCVzsUipXVzY4zfW8sN3LOa0ePMzh9VZ/V+J+raTt55laR87ovAO0n+zw=="],

    "@solana/rpc-subscriptions-spec": ["@solana/rpc-subscriptions-spec@6.10.0", "", { "dependencies": { "@solana/errors": "6.10.0", "@solana/promises": "6.10.0", "@solana/rpc-spec-types": "6.10.0", "@solana/subscribable": "6.10.0" }, "peerDependencies": { "typescript": ">=5.4.0" }, "optionalPeers": ["typescript"] }, "sha512-nWMwGaG4ulzeX2sskY5TywXF3cwEd8FDmUpLe2JBWxE8XDAOGOKcsYPYFcBgb8ee9KqfPT2PTNdcz9jOhJf34w=="],

    "@solana/rpc-transformers": ["@solana/rpc-transformers@6.10.0", "", { "dependencies": { "@solana/errors": "6.10.0", "@solana/functional": "6.10.0", "@solana/nominal-types": "6.10.0", "@solana/rpc-spec-types": "6.10.0", "@solana/rpc-types": "6.10.0" }, "peerDependencies": { "typescript": ">=5.4.0" }, "optionalPeers": ["typescript"] }, "sha512-2nFUrVTiE720pJOY4XKx3HuYmishw0of/4oScu76YGm6O8wsmvFvPNAkrEinmieWXQkfpBfRvLZmpl8PaAy+ug=="],

    "@solana/rpc-transport-http": ["@solana/rpc-transport-http@6.10.0", "", { "dependencies": { "@solana/errors": "6.10.0", "@solana/rpc-spec": "6.10.0", "@solana/rpc-spec-types": "6.10.0", "undici-types": "^8.4.1" }, "peerDependencies": { "typescript": ">=5.4.0" }, "optionalPeers": ["typescript"] }, "sha512-JrdNuYi0nBbD3X8JUtgX1dQJwIwz/WJvmigDdELysXfGB2bTJpfjqGDLhCLOz2sRl66FASIEqgG/LVa2C9VXcA=="],

    "@solana/rpc-types": ["@solana/rpc-types@6.10.0", "", { "dependencies": { "@solana/addresses": "6.10.0", "@solana/codecs-core": "6.10.0", "@solana/codecs-numbers": "6.10.0", "@solana/codecs-strings": "6.10.0", "@solana/errors": "6.10.0", "@solana/fixed-points": "6.10.0", "@solana/nominal-types": "6.10.0" }, "peerDependencies": { "typescript": ">=5.4.0" }, "optionalPeers": ["typescript"] }, "sha512-zaSecTfCPvz/vcoAmKD6XoRstGHTr1EKJBD8T9UcpEFFB6CtF6DxerDB+wrzkamuT6msmnR2DWXMrYOGDAsgIg=="],

    "@solana/signers": ["@solana/signers@6.10.0", "", { "dependencies": { "@solana/addresses": "6.10.0", "@solana/codecs-core": "6.10.0", "@solana/errors": "6.10.0", "@solana/instructions": "6.10.0", "@solana/keys": "6.10.0", "@solana/nominal-types": "6.10.0", "@solana/offchain-messages": "6.10.0", "@solana/transaction-messages": "6.10.0", "@solana/transactions": "6.10.0" }, "peerDependencies": { "typescript": ">=5.4.0" }, "optionalPeers": ["typescript"] }, "sha512-+vtCc+mT1FpGxrA5oL2aaMxSHiMJ2hH5PcDIfjo2XJkHz2klZiCZyT5F9+zpltc9vdi1QTElQq59Sfplmtd33A=="],

    "@solana/subscribable": ["@solana/subscribable@6.10.0", "", { "dependencies": { "@solana/errors": "6.10.0", "@solana/promises": "6.10.0" }, "peerDependencies": { "typescript": ">=5.4.0" }, "optionalPeers": ["typescript"] }, "sha512-VsR6XMwkiDBkZJUcoGkEOhf397pOV75gKCL9Bx8bpi2T3Bbs0CxUpMn4yaUgAnRba3eXmjbXMNCXjttfa6sKbw=="],

    "@solana/sysvars": ["@solana/sysvars@6.10.0", "", { "dependencies": { "@solana/accounts": "6.10.0", "@solana/codecs-core": "6.10.0", "@solana/codecs-data-structures": "6.10.0", "@solana/codecs-numbers": "6.10.0", "@solana/errors": "6.10.0", "@solana/rpc-types": "6.10.0" }, "peerDependencies": { "typescript": ">=5.4.0" }, "optionalPeers": ["typescript"] }, "sha512-cG13p1+onxz+20iWjwWQr1Z1jQwPm0fnjoW75fqZq7p4rVCie3L2sXvaJsYPjWKrUvpOzOIEHnqZGkG05rCpjg=="],

    "@solana/transaction-confirmation": ["@solana/transaction-confirmation@6.10.0", "", { "dependencies": { "@solana/addresses": "6.10.0", "@solana/codecs-strings": "6.10.0", "@solana/errors": "6.10.0", "@solana/keys": "6.10.0", "@solana/promises": "6.10.0", "@solana/rpc": "6.10.0", "@solana/rpc-subscriptions": "6.10.0", "@solana/rpc-types": "6.10.0", "@solana/transaction-messages": "6.10.0", "@solana/transactions": "6.10.0" }, "peerDependencies": { "typescript": ">=5.4.0" }, "optionalPeers": ["typescript"] }, "sha512-ULvtg65qfenh4T/GYcIlKSUv5EqDcng9UN0dxbHU4kuZdR2e0B8HN2xDC4WhcFQVeFJSbTZmaYFkeTY/Y4gfGQ=="],

    "@solana/transaction-messages": ["@solana/transaction-messages@6.10.0", "", { "dependencies": { "@solana/addresses": "6.10.0", "@solana/codecs-core": "6.10.0", "@solana/codecs-data-structures": "6.10.0", "@solana/codecs-numbers": "6.10.0", "@solana/errors": "6.10.0", "@solana/functional": "6.10.0", "@solana/instructions": "6.10.0", "@solana/nominal-types": "6.10.0", "@solana/rpc-types": "6.10.0" }, "peerDependencies": { "typescript": ">=5.4.0" }, "optionalPeers": ["typescript"] }, "sha512-s7v8G3BTxGlKYIj3eWCG0g1296v+1LBt16mVnlRH5FuyaJ5AdhlhtRho5HUDpdwE8EXun+y1c48V6uhcZ8wdbQ=="],

    "@solana/transactions": ["@solana/transactions@6.10.0", "", { "dependencies": { "@solana/addresses": "6.10.0", "@solana/codecs-core": "6.10.0", "@solana/codecs-data-structures": "6.10.0", "@solana/codecs-numbers": "6.10.0", "@solana/codecs-strings": "6.10.0", "@solana/errors": "6.10.0", "@solana/functional": "6.10.0", "@solana/instructions": "6.10.0", "@solana/keys": "6.10.0", "@solana/nominal-types": "6.10.0", "@solana/rpc-types": "6.10.0", "@solana/transaction-messages": "6.10.0" }, "peerDependencies": { "typescript": ">=5.4.0" }, "optionalPeers": ["typescript"] }, "sha512-VADSqP9OTYmhrox4pcgDd4+RjVmednXSE0+8Y7SPK4PN1pK5Az2RJ0nSsy0xcTnaOr8mF/crwFktqPrRQwSbQA=="],

    "@types/node": ["@types/node@25.3.5", "", { "dependencies": { "undici-types": "~7.18.0" } }, "sha512-oX8xrhvpiyRCQkG1MFchB09f+cXftgIXb3a7UUa4Y3wpmZPw5tyZGTLWhlESOLq1Rq6oDlc8npVU2/9xiCuXMA=="],

    "bun-types": ["bun-types@1.3.10", "", { "dependencies": { "@types/node": "*" } }, "sha512-tcpfCCl6XWo6nCVnpcVrxQ+9AYN1iqMIzgrSKYMB/fjLtV2eyAVEg7AxQJuCq/26R6HpKWykQXuSOq/21RYcbg=="],

    "chalk": ["chalk@5.6.2", "", {}, "sha512-7NzBL0rN6fMUW+f7A6Io4h40qQlG+xGmtMxfbnH/K7TAtt8JQWVQK+6g0UXKMeVJoyV5EkkNsErQ8pVD3bLHbA=="],

    "citty": ["citty@0.1.6", "", { "dependencies": { "consola": "^3.2.3" } }, "sha512-tskPPKEs8D2KPafUypv2gxwJP8h/OaJmC82QQGGDQcHvXX43xF2VDACcJVmZ0EuSxkpO9Kc4MlrA3q0+FG58AQ=="],

    "commander": ["commander@15.0.0", "", {}, "sha512-z67u4ZhzCL/Tydu1lJARtEZYWbWaN7oYLHbsuzocr6y4N6WZAagG3RQ4FW61V1/0+jImpj293XfrcYnd1qxtPg=="],

    "consola": ["consola@3.4.2", "", {}, "sha512-5IKcdX0nnYavi6G7TtOhwkYzyjfJlatbjMjuLSfE2kYT5pMDOilZ4OvMhi637CcDICTmz3wARPoyhqyX1Y+XvA=="],

    "typescript": ["typescript@5.9.3", "", { "bin": { "tsc": "bin/tsc", "tsserver": "bin/tsserver" } }, "sha512-jl1vZzPDinLr9eUt3J/t7V6FgNEw9QjvBPdysz9KfQDD41fQrC2Y4vKQdiaUpFT4bXlb1RHhLpp8wtm6M5TgSw=="],

    "undici-types": ["undici-types@7.18.2", "", {}, "sha512-AsuCzffGHJybSaRrmr5eHr81mwJU3kjw6M+uprWvCXiNeN9SOGwQ3Jn8jb8m3Z6izVgknn1R0FTCEAP2QrLY/w=="],

    "wasm-feature-detect": ["wasm-feature-detect@1.8.0", "", {}, "sha512-zksaLKM2fVlnB5jQQDqKXXwYHLQUVH9es+5TOOHwGOVJOCeRBCiPjwSg+3tN2AdTCzjgli4jijCH290kXb/zWQ=="],

    "ws": ["ws@8.21.0", "", { "peerDependencies": { "bufferutil": "^4.0.1", "utf-8-validate": ">=5.0.2" }, "optionalPeers": ["bufferutil", "utf-8-validate"] }, "sha512-Vsp28b7DRcimFQvrqu2Wek3z1iYxDCWqHYB8Qsnk/S4RfaCQzPGPyBNuVjJV3cd6UiKtUtp6sNM77gWvzcCH+g=="],

    "yaml": ["yaml@2.8.2", "", { "bin": { "yaml": "bin.mjs" } }, "sha512-mplynKqc1C2hTVYxd0PU2xQAc22TI1vShAYGksCCfxbn/dFwnHTNi1bvYsBTkhdUNtGIf5xNOg938rrSSYvS9A=="],

    "@solana/rpc-transport-http/undici-types": ["undici-types@8.7.0", "", {}, "sha512-gbsS+hAjHg9iV+T8XWdFqnOZEk4f5xrrX3eb9Y1GDe+B5u9H68P6SzYXXUw/rkRvJHRgKIdNfAcrcVj/JvayVA=="],
  }
}
