{
  "name": "@fhevm/solana-zama-host",
  "version": "0.15.0-0",
  "lockfileVersion": 3,
  "requires": true,
  "packages": {
    "": {
      "name": "@fhevm/solana-zama-host",
      "version": "0.15.0-0",
      "license": "BSD-3-Clause-Clear",
      "devDependencies": {
        "@solana/kit": "8.4.0",
        "@solana/kit-plugin-rpc": "0.19.0",
        "@solana/program-client-core": "8.4.0",
        "@types/node": "22.20.1",
        "typescript": "6.0.3"
      },
      "peerDependencies": {
        "@solana/kit": "^8.4.0",
        "@solana/kit-plugin-rpc": "^0.19.0",
        "@solana/program-client-core": "^8.4.0"
      },
      "peerDependenciesMeta": {
        "@solana/kit-plugin-rpc": {
          "optional": true
        }
      }
    },
    "node_modules/@solana/accounts": {
      "version": "8.4.0",
      "resolved": "https://registry.npmjs.org/@solana/accounts/-/accounts-8.4.0.tgz",
      "integrity": "sha512-YklERWeG5UD2fzxR0zwWgzCVyuHRqg6eTIyGBAe8hOWIim8TYS1aPBVFAlVkSZiAXaFRxmu1E3IRfeCe/QSQmg==",
      "dev": true,
      "license": "MIT",
      "dependencies": {
        "@solana/addresses": "8.4.0",
        "@solana/codecs-core": "8.4.0",
        "@solana/codecs-strings": "8.4.0",
        "@solana/errors": "8.4.0",
        "@solana/rpc-spec": "8.4.0",
        "@solana/rpc-types": "8.4.0"
      },
      "engines": {
        "node": ">=20.18.0"
      },
      "peerDependencies": {
        "typescript": ">=5.4.0"
      },
      "peerDependenciesMeta": {
        "typescript": {
          "optional": true
        }
      }
    },
    "node_modules/@solana/addresses": {
      "version": "8.4.0",
      "resolved": "https://registry.npmjs.org/@solana/addresses/-/addresses-8.4.0.tgz",
      "integrity": "sha512-5nF1AAaCtmaSEHcFIIs6TPMIWplaYBxeJ2ZR0z5oPIY+fjpWb9lxCuJyYQxYKHIvp4OdSiueW0q11yXrnyqM+A==",
      "dev": true,
      "license": "MIT",
      "dependencies": {
        "@solana/assertions": "8.4.0",
        "@solana/codecs-core": "8.4.0",
        "@solana/codecs-strings": "8.4.0",
        "@solana/errors": "8.4.0",
        "@solana/nominal-types": "8.4.0"
      },
      "engines": {
        "node": ">=20.18.0"
      },
      "peerDependencies": {
        "typescript": ">=5.4.0"
      },
      "peerDependenciesMeta": {
        "typescript": {
          "optional": true
        }
      }
    },
    "node_modules/@solana/assertions": {
      "version": "8.4.0",
      "resolved": "https://registry.npmjs.org/@solana/assertions/-/assertions-8.4.0.tgz",
      "integrity": "sha512-Pg/PKw/fA+KIHp6X6aGx4fIkr6S7k7wUw7v8Rkr3TkY4tzrbjZDnXEgv1/8dxGh+IX3UNb+5stD8rtAAscxW1g==",
      "dev": true,
      "license": "MIT",
      "dependencies": {
        "@solana/errors": "8.4.0"
      },
      "engines": {
        "node": ">=20.18.0"
      },
      "peerDependencies": {
        "typescript": ">=5.4.0"
      },
      "peerDependenciesMeta": {
        "typescript": {
          "optional": true
        }
      }
    },
    "node_modules/@solana/codecs": {
      "version": "8.4.0",
      "resolved": "https://registry.npmjs.org/@solana/codecs/-/codecs-8.4.0.tgz",
      "integrity": "sha512-mY7CpMQ4nbecxQIyvslEw7nEreiY0QVvg+aZOPbrBjIiZxu2qj9fyhCrDXJdQlcJ+aYh1sInbR8KARpmHgJLQg==",
      "dev": true,
      "license": "MIT",
      "dependencies": {
        "@solana/codecs-core": "8.4.0",
        "@solana/codecs-data-structures": "8.4.0",
        "@solana/codecs-numbers": "8.4.0",
        "@solana/codecs-strings": "8.4.0",
        "@solana/fixed-points": "8.4.0",
        "@solana/options": "8.4.0"
      },
      "engines": {
        "node": ">=20.18.0"
      },
      "peerDependencies": {
        "typescript": ">=5.4.0"
      },
      "peerDependenciesMeta": {
        "typescript": {
          "optional": true
        }
      }
    },
    "node_modules/@solana/codecs-core": {
      "version": "8.4.0",
      "resolved": "https://registry.npmjs.org/@solana/codecs-core/-/codecs-core-8.4.0.tgz",
      "integrity": "sha512-HOsIB3Ic/qnlXv4V0Q5gpxFxBy5pBiINpEMtCzGtHRnj7mI3Amsh8HKR7x9nbP1SBDuDlOrP/Mds9yIqyKn8TQ==",
      "dev": true,
      "license": "MIT",
      "dependencies": {
        "@solana/errors": "8.4.0"
      },
      "engines": {
        "node": ">=20.18.0"
      },
      "peerDependencies": {
        "typescript": ">=5.4.0"
      },
      "peerDependenciesMeta": {
        "typescript": {
          "optional": true
        }
      }
    },
    "node_modules/@solana/codecs-data-structures": {
      "version": "8.4.0",
      "resolved": "https://registry.npmjs.org/@solana/codecs-data-structures/-/codecs-data-structures-8.4.0.tgz",
      "integrity": "sha512-qx9EnKGZzpiNonUoYNMZC4gfw86jfu4uShh0bcWb1o9dPU1kgZ/xCsCgTRf/5WEPZU2fbPNGtvVMr4dKWCTjzw==",
      "dev": true,
      "license": "MIT",
      "dependencies": {
        "@solana/codecs-core": "8.4.0",
        "@solana/codecs-numbers": "8.4.0",
        "@solana/errors": "8.4.0"
      },
      "engines": {
        "node": ">=20.18.0"
      },
      "peerDependencies": {
        "typescript": ">=5.4.0"
      },
      "peerDependenciesMeta": {
        "typescript": {
          "optional": true
        }
      }
    },
    "node_modules/@solana/codecs-numbers": {
      "version": "8.4.0",
      "resolved": "https://registry.npmjs.org/@solana/codecs-numbers/-/codecs-numbers-8.4.0.tgz",
      "integrity": "sha512-A9SlaBylkTFjtBiVrFUX3We5SZK4L/Q6SKpPyazZQ1MTCO0FyTuKyZwDART2Pzg+C/5xLWjSns+FSTR8FhD/Rg==",
      "dev": true,
      "license": "MIT",
      "dependencies": {
        "@solana/codecs-core": "8.4.0",
        "@solana/errors": "8.4.0"
      },
      "engines": {
        "node": ">=20.18.0"
      },
      "peerDependencies": {
        "typescript": ">=5.4.0"
      },
      "peerDependenciesMeta": {
        "typescript": {
          "optional": true
        }
      }
    },
    "node_modules/@solana/codecs-strings": {
      "version": "8.4.0",
      "resolved": "https://registry.npmjs.org/@solana/codecs-strings/-/codecs-strings-8.4.0.tgz",
      "integrity": "sha512-jQhRrJT3ZoeDoSA5DtGxPmI5ODJi3STTCrtIXIniLr1J1cXUSlPfYe8BKOurNwC+SlEJyRmKfpVze+qeLacmmw==",
      "dev": true,
      "license": "MIT",
      "dependencies": {
        "@solana/codecs-core": "8.4.0",
        "@solana/codecs-numbers": "8.4.0",
        "@solana/errors": "8.4.0"
      },
      "engines": {
        "node": ">=20.18.0"
      },
      "peerDependencies": {
        "fastestsmallesttextencoderdecoder": "^1.0.22",
        "typescript": ">=5.4.0"
      },
      "peerDependenciesMeta": {
        "fastestsmallesttextencoderdecoder": {
          "optional": true
        },
        "typescript": {
          "optional": true
        }
      }
    },
    "node_modules/@solana/errors": {
      "version": "8.4.0",
      "resolved": "https://registry.npmjs.org/@solana/errors/-/errors-8.4.0.tgz",
      "integrity": "sha512-t59ageeK8xa6LrCzj93QEhYtVr5t3GdnTH3qJMGqrCFMYM6IvNFLljlz4N75X+xYktj3sRABTrNoCfekeQlckA==",
      "dev": true,
      "license": "MIT",
      "dependencies": {
        "chalk": "5.6.2",
        "commander": "15.0.0"
      },
      "bin": {
        "errors": "bin/cli.mjs"
      },
      "engines": {
        "node": ">=20.18.0"
      },
      "peerDependencies": {
        "typescript": ">=5.4.0"
      },
      "peerDependenciesMeta": {
        "typescript": {
          "optional": true
        }
      }
    },
    "node_modules/@solana/fast-stable-stringify": {
      "version": "8.4.0",
      "resolved": "https://registry.npmjs.org/@solana/fast-stable-stringify/-/fast-stable-stringify-8.4.0.tgz",
      "integrity": "sha512-XKVKeocf0T9hjmUHKrOG+exxfZmv+IPQrdkvuTdegyB6V5X4aOlR6IfrJQiTMsJx6IY4EAW3aisxTgZmH5OlYg==",
      "dev": true,
      "license": "MIT",
      "engines": {
        "node": ">=20.18.0"
      },
      "peerDependencies": {
        "typescript": ">=5.4.0"
      },
      "peerDependenciesMeta": {
        "typescript": {
          "optional": true
        }
      }
    },
    "node_modules/@solana/fixed-points": {
      "version": "8.4.0",
      "resolved": "https://registry.npmjs.org/@solana/fixed-points/-/fixed-points-8.4.0.tgz",
      "integrity": "sha512-YzWZDPn3B6o3j+leuOhxH7Soip12NJVx5lJaRpEeBB4AcJczTiKGCQMSsxQglGSRHc0jwfrH4+Uxla1BlCkgBg==",
      "dev": true,
      "license": "MIT",
      "dependencies": {
        "@solana/codecs-core": "8.4.0",
        "@solana/errors": "8.4.0"
      },
      "engines": {
        "node": ">=20.18.0"
      },
      "peerDependencies": {
        "typescript": ">=5.4.0"
      },
      "peerDependenciesMeta": {
        "typescript": {
          "optional": true
        }
      }
    },
    "node_modules/@solana/functional": {
      "version": "8.4.0",
      "resolved": "https://registry.npmjs.org/@solana/functional/-/functional-8.4.0.tgz",
      "integrity": "sha512-q5pEoqAtEGFsJXK3mnlemLinzRJHvOMjGmuLoWU6c33NQHjfpTEz80hjnRA25BABMLC0l/vhymeLh+YhUv/szw==",
      "dev": true,
      "license": "MIT",
      "engines": {
        "node": ">=20.18.0"
      },
      "peerDependencies": {
        "typescript": ">=5.4.0"
      },
      "peerDependenciesMeta": {
        "typescript": {
          "optional": true
        }
      }
    },
    "node_modules/@solana/instruction-plans": {
      "version": "8.4.0",
      "resolved": "https://registry.npmjs.org/@solana/instruction-plans/-/instruction-plans-8.4.0.tgz",
      "integrity": "sha512-+qY9d2Jzt2uxzjXs/ZZi448MbpMH0fiB3pWy8krUbCxW8eTl8tMuqIZvltMe05FldFR432xi6xFeMVl0Bw4CWA==",
      "dev": true,
      "license": "MIT",
      "dependencies": {
        "@solana/errors": "8.4.0",
        "@solana/instructions": "8.4.0",
        "@solana/keys": "8.4.0",
        "@solana/promises": "8.4.0",
        "@solana/transaction-messages": "8.4.0",
        "@solana/transactions": "8.4.0"
      },
      "engines": {
        "node": ">=20.18.0"
      },
      "peerDependencies": {
        "typescript": ">=5.4.0"
      },
      "peerDependenciesMeta": {
        "typescript": {
          "optional": true
        }
      }
    },
    "node_modules/@solana/instructions": {
      "version": "8.4.0",
      "resolved": "https://registry.npmjs.org/@solana/instructions/-/instructions-8.4.0.tgz",
      "integrity": "sha512-muT/BBKDTl0UsHsnKySVaNBWIcHbs8nn8nOd1GI9J0OvX4gV/pNtaJfrEW+ETX9SjcIB4AcBQZsIr3LjavvrKQ==",
      "dev": true,
      "license": "MIT",
      "dependencies": {
        "@solana/codecs-core": "8.4.0",
        "@solana/errors": "8.4.0"
      },
      "engines": {
        "node": ">=20.18.0"
      },
      "peerDependencies": {
        "typescript": ">=5.4.0"
      },
      "peerDependenciesMeta": {
        "typescript": {
          "optional": true
        }
      }
    },
    "node_modules/@solana/keys": {
      "version": "8.4.0",
      "resolved": "https://registry.npmjs.org/@solana/keys/-/keys-8.4.0.tgz",
      "integrity": "sha512-arjjFlJLBnGq0PWWswqO1n8kHxW02EbP9KTCoZo/TYDcSDcPdC4gL4fjAxbP6t5fVXTIu1tM3QGmab6FZxnmJg==",
      "dev": true,
      "license": "MIT",
      "dependencies": {
        "@solana/assertions": "8.4.0",
        "@solana/codecs-core": "8.4.0",
        "@solana/codecs-strings": "8.4.0",
        "@solana/errors": "8.4.0",
        "@solana/nominal-types": "8.4.0",
        "@solana/promises": "8.4.0"
      },
      "engines": {
        "node": ">=20.18.0"
      },
      "peerDependencies": {
        "typescript": ">=5.4.0"
      },
      "peerDependenciesMeta": {
        "typescript": {
          "optional": true
        }
      }
    },
    "node_modules/@solana/kit": {
      "version": "8.4.0",
      "resolved": "https://registry.npmjs.org/@solana/kit/-/kit-8.4.0.tgz",
      "integrity": "sha512-jbexijXuCqQ7MV5lFzPDEsVScreFENkhUOUVofniTkBsfi67cYGgEeGzJa7oskHGyXcWaEogW0VPVh4ep3cWnw==",
      "dev": true,
      "license": "MIT",
      "dependencies": {
        "@solana/accounts": "8.4.0",
        "@solana/addresses": "8.4.0",
        "@solana/codecs": "8.4.0",
        "@solana/errors": "8.4.0",
        "@solana/functional": "8.4.0",
        "@solana/instruction-plans": "8.4.0",
        "@solana/instructions": "8.4.0",
        "@solana/keys": "8.4.0",
        "@solana/offchain-messages": "8.4.0",
        "@solana/plugin-core": "8.4.0",
        "@solana/plugin-interfaces": "8.4.0",
        "@solana/program-client-core": "8.4.0",
        "@solana/programs": "8.4.0",
        "@solana/promises": "8.4.0",
        "@solana/rpc": "8.4.0",
        "@solana/rpc-api": "8.4.0",
        "@solana/rpc-parsed-types": "8.4.0",
        "@solana/rpc-spec-types": "8.4.0",
        "@solana/rpc-subscriptions": "8.4.0",
        "@solana/rpc-types": "8.4.0",
        "@solana/signers": "8.4.0",
        "@solana/subscribable": "8.4.0",
        "@solana/sysvars": "8.4.0",
        "@solana/transaction-confirmation": "8.4.0",
        "@solana/transaction-introspection": "8.4.0",
        "@solana/transaction-messages": "8.4.0",
        "@solana/transactions": "8.4.0"
      },
      "engines": {
        "node": ">=20.18.0"
      },
      "peerDependencies": {
        "typescript": ">=5.4.0"
      },
      "peerDependenciesMeta": {
        "typescript": {
          "optional": true
        }
      }
    },
    "node_modules/@solana/kit-plugin-instruction-plan": {
      "version": "0.19.0",
      "resolved": "https://registry.npmjs.org/@solana/kit-plugin-instruction-plan/-/kit-plugin-instruction-plan-0.19.0.tgz",
      "integrity": "sha512-62gh9R3jTMuU3UOPNuerQF9QRGM3TTRlVjD4Ukt78Vt3pdKpjx7g311DEDoP3SkKLw1q9UNc0KSKSbIsShFLwg==",
      "dev": true,
      "license": "MIT",
      "peerDependencies": {
        "@solana/kit": "^8.2.0"
      }
    },
    "node_modules/@solana/kit-plugin-rpc": {
      "version": "0.19.0",
      "resolved": "https://registry.npmjs.org/@solana/kit-plugin-rpc/-/kit-plugin-rpc-0.19.0.tgz",
      "integrity": "sha512-N3nOdC4AEKJ5q9dT6pb7HEPpPelSHNWFkEUeKuf7fy9/9ErLAhYSZD7U6gOyRcCYK5oNyK5YZoCY5IHeqbOuOQ==",
      "dev": true,
      "license": "MIT",
      "dependencies": {
        "@solana/kit-plugin-instruction-plan": "0.19.0"
      },
      "peerDependencies": {
        "@solana/kit": "^8.2.0"
      }
    },
    "node_modules/@solana/nominal-types": {
      "version": "8.4.0",
      "resolved": "https://registry.npmjs.org/@solana/nominal-types/-/nominal-types-8.4.0.tgz",
      "integrity": "sha512-01LNXtH3THaR0SFXbJ9iXhaZAVBfLJoHWYC/x2GdNIontc45qMX8wFtglZe4RaT528/kre6J+f+4NGGGd4+YPA==",
      "dev": true,
      "license": "MIT",
      "engines": {
        "node": ">=20.18.0"
      },
      "peerDependencies": {
        "typescript": ">=5.4.0"
      },
      "peerDependenciesMeta": {
        "typescript": {
          "optional": true
        }
      }
    },
    "node_modules/@solana/offchain-messages": {
      "version": "8.4.0",
      "resolved": "https://registry.npmjs.org/@solana/offchain-messages/-/offchain-messages-8.4.0.tgz",
      "integrity": "sha512-vE28aDf14XldqoYGwwRG1OvsUKVal1FTxM+O1p1bPHho0bQgUiHvqtsDvQtTZBPJpx7d4l5Xo7TKN4DVZ+VgTQ==",
      "dev": true,
      "license": "MIT",
      "dependencies": {
        "@solana/addresses": "8.4.0",
        "@solana/codecs-core": "8.4.0",
        "@solana/codecs-data-structures": "8.4.0",
        "@solana/codecs-numbers": "8.4.0",
        "@solana/codecs-strings": "8.4.0",
        "@solana/errors": "8.4.0",
        "@solana/keys": "8.4.0",
        "@solana/nominal-types": "8.4.0"
      },
      "engines": {
        "node": ">=20.18.0"
      },
      "peerDependencies": {
        "typescript": ">=5.4.0"
      },
      "peerDependenciesMeta": {
        "typescript": {
          "optional": true
        }
      }
    },
    "node_modules/@solana/options": {
      "version": "8.4.0",
      "resolved": "https://registry.npmjs.org/@solana/options/-/options-8.4.0.tgz",
      "integrity": "sha512-3fnmCT/WNWOMpD5uhyi1/aI4fwtb13MQSEqiTqsboZhHClli1WAOyPhyC5I/YeJ7wF+RMzX8UE/11KU9IMazNA==",
      "dev": true,
      "license": "MIT",
      "dependencies": {
        "@solana/codecs-core": "8.4.0",
        "@solana/codecs-data-structures": "8.4.0",
        "@solana/codecs-numbers": "8.4.0",
        "@solana/codecs-strings": "8.4.0",
        "@solana/errors": "8.4.0"
      },
      "engines": {
        "node": ">=20.18.0"
      },
      "peerDependencies": {
        "typescript": ">=5.4.0"
      },
      "peerDependenciesMeta": {
        "typescript": {
          "optional": true
        }
      }
    },
    "node_modules/@solana/plugin-core": {
      "version": "8.4.0",
      "resolved": "https://registry.npmjs.org/@solana/plugin-core/-/plugin-core-8.4.0.tgz",
      "integrity": "sha512-mRB5iQ+ZEISGyHnFvFDUJyDmK7YbPxmsJk38SKg3ncxqcSxMEhK4hZ7kJBo2UMsyDX1Sn2VSGJYPhZwdOa3s8w==",
      "dev": true,
      "license": "MIT",
      "engines": {
        "node": ">=20.18.0"
      },
      "peerDependencies": {
        "typescript": ">=5.4.0"
      },
      "peerDependenciesMeta": {
        "typescript": {
          "optional": true
        }
      }
    },
    "node_modules/@solana/plugin-interfaces": {
      "version": "8.4.0",
      "resolved": "https://registry.npmjs.org/@solana/plugin-interfaces/-/plugin-interfaces-8.4.0.tgz",
      "integrity": "sha512-R1y8z9aBCHXnx7Aqax4ORBaC1wQaHS+KQjnbNEbVZijeJhfoKbSBA5vwlweEZPKT+l2iPL9jlxPrDlVDl4NyhQ==",
      "dev": true,
      "license": "MIT",
      "dependencies": {
        "@solana/accounts": "8.4.0",
        "@solana/addresses": "8.4.0",
        "@solana/instruction-plans": "8.4.0",
        "@solana/keys": "8.4.0",
        "@solana/rpc-spec": "8.4.0",
        "@solana/rpc-subscriptions-spec": "8.4.0",
        "@solana/rpc-types": "8.4.0",
        "@solana/signers": "8.4.0",
        "@solana/transactions": "8.4.0"
      },
      "engines": {
        "node": ">=20.18.0"
      },
      "peerDependencies": {
        "typescript": ">=5.4.0"
      },
      "peerDependenciesMeta": {
        "typescript": {
          "optional": true
        }
      }
    },
    "node_modules/@solana/program-client-core": {
      "version": "8.4.0",
      "resolved": "https://registry.npmjs.org/@solana/program-client-core/-/program-client-core-8.4.0.tgz",
      "integrity": "sha512-GBgz9wHMp2BOKRTp/IAATooTLPIe+6Y0jCTYOSkXME9F7xyh1o7mGu0lEbotnB6C3fubaXzU6Swk9SYskl7Sig==",
      "dev": true,
      "license": "MIT",
      "dependencies": {
        "@solana/accounts": "8.4.0",
        "@solana/addresses": "8.4.0",
        "@solana/codecs-core": "8.4.0",
        "@solana/errors": "8.4.0",
        "@solana/instruction-plans": "8.4.0",
        "@solana/instructions": "8.4.0",
        "@solana/plugin-interfaces": "8.4.0",
        "@solana/rpc-api": "8.4.0",
        "@solana/signers": "8.4.0"
      },
      "engines": {
        "node": ">=20.18.0"
      },
      "peerDependencies": {
        "typescript": ">=5.4.0"
      },
      "peerDependenciesMeta": {
        "typescript": {
          "optional": true
        }
      }
    },
    "node_modules/@solana/programs": {
      "version": "8.4.0",
      "resolved": "https://registry.npmjs.org/@solana/programs/-/programs-8.4.0.tgz",
      "integrity": "sha512-KZvtGP7spytak0igTSb1tulNc5fhCEyjYNlMBObveohVhrzT7/t7M6ioqcJpAvv1bWm+E7E4FI5B+fjMKMpAxQ==",
      "dev": true,
      "license": "MIT",
      "dependencies": {
        "@solana/addresses": "8.4.0",
        "@solana/errors": "8.4.0"
      },
      "engines": {
        "node": ">=20.18.0"
      },
      "peerDependencies": {
        "typescript": ">=5.4.0"
      },
      "peerDependenciesMeta": {
        "typescript": {
          "optional": true
        }
      }
    },
    "node_modules/@solana/promises": {
      "version": "8.4.0",
      "resolved": "https://registry.npmjs.org/@solana/promises/-/promises-8.4.0.tgz",
      "integrity": "sha512-keb+TXJZHRT605HLakRanfjnSVUFYG6za+P7W8UDKA2ZUp+LTi1As5fQTkhRyFO/GOrbmP9a7lYC5eNGAekg6w==",
      "dev": true,
      "license": "MIT",
      "engines": {
        "node": ">=20.18.0"
      },
      "peerDependencies": {
        "typescript": ">=5.4.0"
      },
      "peerDependenciesMeta": {
        "typescript": {
          "optional": true
        }
      }
    },
    "node_modules/@solana/rpc": {
      "version": "8.4.0",
      "resolved": "https://registry.npmjs.org/@solana/rpc/-/rpc-8.4.0.tgz",
      "integrity": "sha512-xrJa4Bapskl1aud+qirKFbDy1A22vWHGwW9YKav20Q1YjJRItE8MfJ9N4c3MAtaSkC59QhBeHOsuf3F0gm+Hxw==",
      "dev": true,
      "license": "MIT",
      "dependencies": {
        "@solana/errors": "8.4.0",
        "@solana/fast-stable-stringify": "8.4.0",
        "@solana/functional": "8.4.0",
        "@solana/rpc-api": "8.4.0",
        "@solana/rpc-spec": "8.4.0",
        "@solana/rpc-spec-types": "8.4.0",
        "@solana/rpc-transformers": "8.4.0",
        "@solana/rpc-transport-http": "8.4.0",
        "@solana/rpc-types": "8.4.0"
      },
      "engines": {
        "node": ">=20.18.0"
      },
      "peerDependencies": {
        "typescript": ">=5.4.0"
      },
      "peerDependenciesMeta": {
        "typescript": {
          "optional": true
        }
      }
    },
    "node_modules/@solana/rpc-api": {
      "version": "8.4.0",
      "resolved": "https://registry.npmjs.org/@solana/rpc-api/-/rpc-api-8.4.0.tgz",
      "integrity": "sha512-tD26U9U7pOQoLiTp7MoyWYPSmnvLAa9OrpQPGQ8NVUU7xXOeVKSKRe3rI4EL/zzcPNXeCAKtLJ449u8ejLT7LA==",
      "dev": true,
      "license": "MIT",
      "dependencies": {
        "@solana/addresses": "8.4.0",
        "@solana/codecs-core": "8.4.0",
        "@solana/codecs-strings": "8.4.0",
        "@solana/errors": "8.4.0",
        "@solana/keys": "8.4.0",
        "@solana/rpc-parsed-types": "8.4.0",
        "@solana/rpc-spec": "8.4.0",
        "@solana/rpc-transformers": "8.4.0",
        "@solana/rpc-types": "8.4.0",
        "@solana/transaction-messages": "8.4.0",
        "@solana/transactions": "8.4.0"
      },
      "engines": {
        "node": ">=20.18.0"
      },
      "peerDependencies": {
        "typescript": ">=5.4.0"
      },
      "peerDependenciesMeta": {
        "typescript": {
          "optional": true
        }
      }
    },
    "node_modules/@solana/rpc-parsed-types": {
      "version": "8.4.0",
      "resolved": "https://registry.npmjs.org/@solana/rpc-parsed-types/-/rpc-parsed-types-8.4.0.tgz",
      "integrity": "sha512-/vBcGcLy/W1r8t0ST+gc3EqVPFx7dRFxkt5RoYE9tepEiroOwLbVg7rKtgtKifkFBODSVDcupEkTBBhRbWpB9A==",
      "dev": true,
      "license": "MIT",
      "engines": {
        "node": ">=20.18.0"
      },
      "peerDependencies": {
        "typescript": ">=5.4.0"
      },
      "peerDependenciesMeta": {
        "typescript": {
          "optional": true
        }
      }
    },
    "node_modules/@solana/rpc-spec": {
      "version": "8.4.0",
      "resolved": "https://registry.npmjs.org/@solana/rpc-spec/-/rpc-spec-8.4.0.tgz",
      "integrity": "sha512-g5R8jJoYDjwb4sEUw8PxReAw5OETSjWSgMF+f/Q+0BGRiX+hNO//3qxWRL0rpWAnHi9R03W5Li/sPOYC8IGL1Q==",
      "dev": true,
      "license": "MIT",
      "dependencies": {
        "@solana/errors": "8.4.0",
        "@solana/rpc-spec-types": "8.4.0",
        "@solana/subscribable": "8.4.0"
      },
      "engines": {
        "node": ">=20.18.0"
      },
      "peerDependencies": {
        "typescript": ">=5.4.0"
      },
      "peerDependenciesMeta": {
        "typescript": {
          "optional": true
        }
      }
    },
    "node_modules/@solana/rpc-spec-types": {
      "version": "8.4.0",
      "resolved": "https://registry.npmjs.org/@solana/rpc-spec-types/-/rpc-spec-types-8.4.0.tgz",
      "integrity": "sha512-YnxoUzWy/bwdclB3ipu7+4/mnnb4Jqmgq1O20zhQ81cUGZseEWy++Y4GJA0OBZvrcDHhoRntSd26ABg9q0XaVg==",
      "dev": true,
      "license": "MIT",
      "dependencies": {
        "@solana/errors": "8.4.0"
      },
      "engines": {
        "node": ">=20.18.0"
      },
      "peerDependencies": {
        "typescript": ">=5.4.0"
      },
      "peerDependenciesMeta": {
        "typescript": {
          "optional": true
        }
      }
    },
    "node_modules/@solana/rpc-subscriptions": {
      "version": "8.4.0",
      "resolved": "https://registry.npmjs.org/@solana/rpc-subscriptions/-/rpc-subscriptions-8.4.0.tgz",
      "integrity": "sha512-XkWl2flaGKkHzw6+StjVsYtJoB5xoGpnsdanXa1h1KnwK4HFFy/wsJ0P+5TY1Z0DR1IDn6voNl3KSQrQuEQm9Q==",
      "dev": true,
      "license": "MIT",
      "dependencies": {
        "@solana/errors": "8.4.0",
        "@solana/fast-stable-stringify": "8.4.0",
        "@solana/functional": "8.4.0",
        "@solana/promises": "8.4.0",
        "@solana/rpc-spec-types": "8.4.0",
        "@solana/rpc-subscriptions-api": "8.4.0",
        "@solana/rpc-subscriptions-channel-websocket": "8.4.0",
        "@solana/rpc-subscriptions-spec": "8.4.0",
        "@solana/rpc-transformers": "8.4.0",
        "@solana/rpc-types": "8.4.0",
        "@solana/subscribable": "8.4.0"
      },
      "engines": {
        "node": ">=20.18.0"
      },
      "peerDependencies": {
        "typescript": ">=5.4.0"
      },
      "peerDependenciesMeta": {
        "typescript": {
          "optional": true
        }
      }
    },
    "node_modules/@solana/rpc-subscriptions-api": {
      "version": "8.4.0",
      "resolved": "https://registry.npmjs.org/@solana/rpc-subscriptions-api/-/rpc-subscriptions-api-8.4.0.tgz",
      "integrity": "sha512-qsSYyfmYSB8/VE6yks4Ls4fQyyi2VhS09PZaENfTSFk6iKAYyEnhOkwCu//MdeWOrrHDmGmxC2UdzpB61f+Fcg==",
      "dev": true,
      "license": "MIT",
      "dependencies": {
        "@solana/addresses": "8.4.0",
        "@solana/keys": "8.4.0",
        "@solana/rpc-subscriptions-spec": "8.4.0",
        "@solana/rpc-transformers": "8.4.0",
        "@solana/rpc-types": "8.4.0",
        "@solana/transaction-messages": "8.4.0",
        "@solana/transactions": "8.4.0"
      },
      "engines": {
        "node": ">=20.18.0"
      },
      "peerDependencies": {
        "typescript": ">=5.4.0"
      },
      "peerDependenciesMeta": {
        "typescript": {
          "optional": true
        }
      }
    },
    "node_modules/@solana/rpc-subscriptions-channel-websocket": {
      "version": "8.4.0",
      "resolved": "https://registry.npmjs.org/@solana/rpc-subscriptions-channel-websocket/-/rpc-subscriptions-channel-websocket-8.4.0.tgz",
      "integrity": "sha512-O0UAs9G/lgBRf4Aw7kvG5quHWDWdfuTn8BJUy3KOvCFADOOGrrH6leXLHJAMxN2T8KmyO28cs2+GGW/CD5kWNQ==",
      "dev": true,
      "license": "MIT",
      "dependencies": {
        "@solana/errors": "8.4.0",
        "@solana/functional": "8.4.0",
        "@solana/rpc-subscriptions-spec": "8.4.0",
        "@solana/subscribable": "8.4.0",
        "ws": "^8.21.3"
      },
      "engines": {
        "node": ">=20.18.0"
      },
      "peerDependencies": {
        "typescript": ">=5.4.0"
      },
      "peerDependenciesMeta": {
        "typescript": {
          "optional": true
        }
      }
    },
    "node_modules/@solana/rpc-subscriptions-spec": {
      "version": "8.4.0",
      "resolved": "https://registry.npmjs.org/@solana/rpc-subscriptions-spec/-/rpc-subscriptions-spec-8.4.0.tgz",
      "integrity": "sha512-H7Jqleo+WR1hUcPexQCn5rIgGsXa7Ip0Pnl3Vzvv/DIpYEN5lpMrWXf3v9fVyG3jRxom5WW32xmYhiHa2dORzw==",
      "dev": true,
      "license": "MIT",
      "dependencies": {
        "@solana/errors": "8.4.0",
        "@solana/promises": "8.4.0",
        "@solana/rpc-spec-types": "8.4.0",
        "@solana/subscribable": "8.4.0"
      },
      "engines": {
        "node": ">=20.18.0"
      },
      "peerDependencies": {
        "typescript": ">=5.4.0"
      },
      "peerDependenciesMeta": {
        "typescript": {
          "optional": true
        }
      }
    },
    "node_modules/@solana/rpc-transformers": {
      "version": "8.4.0",
      "resolved": "https://registry.npmjs.org/@solana/rpc-transformers/-/rpc-transformers-8.4.0.tgz",
      "integrity": "sha512-FTlLgsjN/1RKeBidS5Dfb81VpeqRYESiKg7jTkbY6MXVL96bOMUihQDXAjmgUMMp95nTykuQjKas7pkG2Zsz5w==",
      "dev": true,
      "license": "MIT",
      "dependencies": {
        "@solana/errors": "8.4.0",
        "@solana/functional": "8.4.0",
        "@solana/nominal-types": "8.4.0",
        "@solana/rpc-spec-types": "8.4.0",
        "@solana/rpc-types": "8.4.0"
      },
      "engines": {
        "node": ">=20.18.0"
      },
      "peerDependencies": {
        "typescript": ">=5.4.0"
      },
      "peerDependenciesMeta": {
        "typescript": {
          "optional": true
        }
      }
    },
    "node_modules/@solana/rpc-transport-http": {
      "version": "8.4.0",
      "resolved": "https://registry.npmjs.org/@solana/rpc-transport-http/-/rpc-transport-http-8.4.0.tgz",
      "integrity": "sha512-MSlFqehp1CpADeSozzb/YnBEvkBlIrTcmLIVmeKbcTMOELV5yZKnp+bMQl05Q0swsyTr423kQ1XvV9Oqk3/KoA==",
      "dev": true,
      "license": "MIT",
      "dependencies": {
        "@solana/errors": "8.4.0",
        "@solana/rpc-spec": "8.4.0",
        "@solana/rpc-spec-types": "8.4.0",
        "undici-types": "^8.11.2"
      },
      "engines": {
        "node": ">=20.18.0"
      },
      "peerDependencies": {
        "typescript": ">=5.4.0"
      },
      "peerDependenciesMeta": {
        "typescript": {
          "optional": true
        }
      }
    },
    "node_modules/@solana/rpc-types": {
      "version": "8.4.0",
      "resolved": "https://registry.npmjs.org/@solana/rpc-types/-/rpc-types-8.4.0.tgz",
      "integrity": "sha512-orCi24z9u7AdaozJfgtXwdwHErQy5vO3h6/wCBd/W0bWsfRXiCCWqJcZJqyoZvl1y0oESGEkZR0CzrpedyaAqg==",
      "dev": true,
      "license": "MIT",
      "dependencies": {
        "@solana/addresses": "8.4.0",
        "@solana/codecs-core": "8.4.0",
        "@solana/codecs-numbers": "8.4.0",
        "@solana/codecs-strings": "8.4.0",
        "@solana/errors": "8.4.0",
        "@solana/fixed-points": "8.4.0",
        "@solana/nominal-types": "8.4.0"
      },
      "engines": {
        "node": ">=20.18.0"
      },
      "peerDependencies": {
        "typescript": ">=5.4.0"
      },
      "peerDependenciesMeta": {
        "typescript": {
          "optional": true
        }
      }
    },
    "node_modules/@solana/signers": {
      "version": "8.4.0",
      "resolved": "https://registry.npmjs.org/@solana/signers/-/signers-8.4.0.tgz",
      "integrity": "sha512-hqBzc1M/+y+6rUy7OVAisjoS0/pwhIB3B0VOoJfQ9yBjFmx8TguxcKevn4dP0DIeBK4HqQgiqJyJN0f5hbHfxQ==",
      "dev": true,
      "license": "MIT",
      "dependencies": {
        "@solana/addresses": "8.4.0",
        "@solana/codecs-core": "8.4.0",
        "@solana/errors": "8.4.0",
        "@solana/instructions": "8.4.0",
        "@solana/keys": "8.4.0",
        "@solana/nominal-types": "8.4.0",
        "@solana/offchain-messages": "8.4.0",
        "@solana/transaction-messages": "8.4.0",
        "@solana/transactions": "8.4.0"
      },
      "engines": {
        "node": ">=20.18.0"
      },
      "peerDependencies": {
        "typescript": ">=5.4.0"
      },
      "peerDependenciesMeta": {
        "typescript": {
          "optional": true
        }
      }
    },
    "node_modules/@solana/subscribable": {
      "version": "8.4.0",
      "resolved": "https://registry.npmjs.org/@solana/subscribable/-/subscribable-8.4.0.tgz",
      "integrity": "sha512-EgRMZWnxo1GYan014TscE5i9iDl/dgazwRAgyQ/QRUtB5FVcedRHr0Wh6dW6MJno4htKN4rZsMN+jAuaxLNfmw==",
      "dev": true,
      "license": "MIT",
      "dependencies": {
        "@solana/errors": "8.4.0",
        "@solana/promises": "8.4.0"
      },
      "engines": {
        "node": ">=20.18.0"
      },
      "peerDependencies": {
        "typescript": ">=5.4.0"
      },
      "peerDependenciesMeta": {
        "typescript": {
          "optional": true
        }
      }
    },
    "node_modules/@solana/sysvars": {
      "version": "8.4.0",
      "resolved": "https://registry.npmjs.org/@solana/sysvars/-/sysvars-8.4.0.tgz",
      "integrity": "sha512-M2Wk70cji0n0muwHuZiPpDLeRy3Iq19FSOCNQPC/VL5Bg4Ltm7G9PXPvX4/TEODfFGgOLGja4rZmFlECl7tlXg==",
      "dev": true,
      "license": "MIT",
      "dependencies": {
        "@solana/accounts": "8.4.0",
        "@solana/codecs-core": "8.4.0",
        "@solana/codecs-data-structures": "8.4.0",
        "@solana/codecs-numbers": "8.4.0",
        "@solana/errors": "8.4.0",
        "@solana/rpc-types": "8.4.0"
      },
      "engines": {
        "node": ">=20.18.0"
      },
      "peerDependencies": {
        "typescript": ">=5.4.0"
      },
      "peerDependenciesMeta": {
        "typescript": {
          "optional": true
        }
      }
    },
    "node_modules/@solana/transaction-confirmation": {
      "version": "8.4.0",
      "resolved": "https://registry.npmjs.org/@solana/transaction-confirmation/-/transaction-confirmation-8.4.0.tgz",
      "integrity": "sha512-tTKRbzqUzpQGh4ZmL8MTyvZBWHzvcuvDrGROFk8vw2b1FINsv6BAKbxXKWUTWp2RO0ABcznMt+sFHAyPwQ/2/w==",
      "dev": true,
      "license": "MIT",
      "dependencies": {
        "@solana/addresses": "8.4.0",
        "@solana/codecs-strings": "8.4.0",
        "@solana/errors": "8.4.0",
        "@solana/keys": "8.4.0",
        "@solana/promises": "8.4.0",
        "@solana/rpc": "8.4.0",
        "@solana/rpc-subscriptions": "8.4.0",
        "@solana/rpc-types": "8.4.0",
        "@solana/transaction-messages": "8.4.0",
        "@solana/transactions": "8.4.0"
      },
      "engines": {
        "node": ">=20.18.0"
      },
      "peerDependencies": {
        "typescript": ">=5.4.0"
      },
      "peerDependenciesMeta": {
        "typescript": {
          "optional": true
        }
      }
    },
    "node_modules/@solana/transaction-introspection": {
      "version": "8.4.0",
      "resolved": "https://registry.npmjs.org/@solana/transaction-introspection/-/transaction-introspection-8.4.0.tgz",
      "integrity": "sha512-qVvPIRh7Q76k1UNcy2wZIKpA6emmfhMVNUFNheD+eCzOycGDcCT3Y/Mt7H5qU+dDq4NKLNR/20h4aRu1Qendbg==",
      "dev": true,
      "license": "MIT",
      "dependencies": {
        "@solana/addresses": "8.4.0",
        "@solana/codecs-core": "8.4.0",
        "@solana/codecs-strings": "8.4.0",
        "@solana/errors": "8.4.0",
        "@solana/instructions": "8.4.0",
        "@solana/rpc-types": "8.4.0",
        "@solana/transaction-messages": "8.4.0",
        "@solana/transactions": "8.4.0"
      },
      "engines": {
        "node": ">=20.18.0"
      },
      "peerDependencies": {
        "typescript": ">=5.4.0"
      },
      "peerDependenciesMeta": {
        "typescript": {
          "optional": true
        }
      }
    },
    "node_modules/@solana/transaction-messages": {
      "version": "8.4.0",
      "resolved": "https://registry.npmjs.org/@solana/transaction-messages/-/transaction-messages-8.4.0.tgz",
      "integrity": "sha512-LdihUr4z6bAIv44z13uaShCXgb9C8DY0gZ+RcW9U+CcaDJwWhgZuy5IG2TBAAGa5lbEyRcYPQxD+/aE6b1F/WA==",
      "dev": true,
      "license": "MIT",
      "dependencies": {
        "@solana/addresses": "8.4.0",
        "@solana/codecs-core": "8.4.0",
        "@solana/codecs-data-structures": "8.4.0",
        "@solana/codecs-numbers": "8.4.0",
        "@solana/errors": "8.4.0",
        "@solana/functional": "8.4.0",
        "@solana/instructions": "8.4.0",
        "@solana/nominal-types": "8.4.0",
        "@solana/rpc-types": "8.4.0"
      },
      "engines": {
        "node": ">=20.18.0"
      },
      "peerDependencies": {
        "typescript": ">=5.4.0"
      },
      "peerDependenciesMeta": {
        "typescript": {
          "optional": true
        }
      }
    },
    "node_modules/@solana/transactions": {
      "version": "8.4.0",
      "resolved": "https://registry.npmjs.org/@solana/transactions/-/transactions-8.4.0.tgz",
      "integrity": "sha512-+FFNSlr5vVTcGS9c7seH7mNnjZY21uZ3pHxiN9jeduODD7z+caKnGgjmzokZSDYapFUcupniIr736CrJNmbMFw==",
      "dev": true,
      "license": "MIT",
      "dependencies": {
        "@solana/addresses": "8.4.0",
        "@solana/codecs-core": "8.4.0",
        "@solana/codecs-data-structures": "8.4.0",
        "@solana/codecs-numbers": "8.4.0",
        "@solana/codecs-strings": "8.4.0",
        "@solana/errors": "8.4.0",
        "@solana/functional": "8.4.0",
        "@solana/instructions": "8.4.0",
        "@solana/keys": "8.4.0",
        "@solana/nominal-types": "8.4.0",
        "@solana/rpc-types": "8.4.0",
        "@solana/transaction-messages": "8.4.0"
      },
      "engines": {
        "node": ">=20.18.0"
      },
      "peerDependencies": {
        "typescript": ">=5.4.0"
      },
      "peerDependenciesMeta": {
        "typescript": {
          "optional": true
        }
      }
    },
    "node_modules/@types/node": {
      "version": "22.20.1",
      "resolved": "https://registry.npmjs.org/@types/node/-/node-22.20.1.tgz",
      "integrity": "sha512-EANqOCF9QFyra+4pfxUcX9STKJpCLjMbObVzljIJomAWSnuSIEAvyzEU53GaajbXJEgdh0iEcPL+DGvpUd4k1Q==",
      "dev": true,
      "license": "MIT",
      "dependencies": {
        "undici-types": "~6.21.0"
      }
    },
    "node_modules/@types/node/node_modules/undici-types": {
      "version": "6.21.0",
      "resolved": "https://registry.npmjs.org/undici-types/-/undici-types-6.21.0.tgz",
      "integrity": "sha512-iwDZqg0QAGrg9Rav5H4n0M64c3mkR59cJ6wQp+7C4nI0gsmExaedaYLNO44eT4AtBBwjbTiGPMlt2Md0T9H9JQ==",
      "dev": true,
      "license": "MIT"
    },
    "node_modules/chalk": {
      "version": "5.6.2",
      "resolved": "https://registry.npmjs.org/chalk/-/chalk-5.6.2.tgz",
      "integrity": "sha512-7NzBL0rN6fMUW+f7A6Io4h40qQlG+xGmtMxfbnH/K7TAtt8JQWVQK+6g0UXKMeVJoyV5EkkNsErQ8pVD3bLHbA==",
      "dev": true,
      "license": "MIT",
      "engines": {
        "node": "^12.17.0 || ^14.13 || >=16.0.0"
      },
      "funding": {
        "url": "https://github.com/chalk/chalk?sponsor=1"
      }
    },
    "node_modules/commander": {
      "version": "15.0.0",
      "resolved": "https://registry.npmjs.org/commander/-/commander-15.0.0.tgz",
      "integrity": "sha512-z67u4ZhzCL/Tydu1lJARtEZYWbWaN7oYLHbsuzocr6y4N6WZAagG3RQ4FW61V1/0+jImpj293XfrcYnd1qxtPg==",
      "dev": true,
      "license": "MIT",
      "engines": {
        "node": ">=22.12.0"
      }
    },
    "node_modules/typescript": {
      "version": "6.0.3",
      "resolved": "https://registry.npmjs.org/typescript/-/typescript-6.0.3.tgz",
      "integrity": "sha512-y2TvuxSZPDyQakkFRPZHKFm+KKVqIisdg9/CZwm9ftvKXLP8NRWj38/ODjNbr43SsoXqNuAisEf1GdCxqWcdBw==",
      "dev": true,
      "license": "Apache-2.0",
      "bin": {
        "tsc": "bin/tsc",
        "tsserver": "bin/tsserver"
      },
      "engines": {
        "node": ">=14.17"
      }
    },
    "node_modules/undici-types": {
      "version": "8.11.2",
      "resolved": "https://registry.npmjs.org/undici-types/-/undici-types-8.11.2.tgz",
      "integrity": "sha512-iMVNmWZ0leK/goS6eXMizSzmm9CDWtyphwbaCms3DNLqRxDL+mMoNVcZMTyyVgXP0N+Z8neAMzDoUOUJL8veKg==",
      "dev": true,
      "license": "MIT"
    },
    "node_modules/ws": {
      "version": "8.22.0",
      "resolved": "https://registry.npmjs.org/ws/-/ws-8.22.0.tgz",
      "integrity": "sha512-Ydggc987+RO0AnWtZ/7Wq9FtNvcrL1b/RO0ud9mWjUPgDrsAAwQSF51sm2hm1XofbU/4jkpGEsLFsZZxU+1DOg==",
      "dev": true,
      "license": "MIT",
      "engines": {
        "node": ">=10.0.0"
      },
      "peerDependencies": {
        "bufferutil": "^4.0.1",
        "utf-8-validate": ">=5.0.2"
      },
      "peerDependenciesMeta": {
        "bufferutil": {
          "optional": true
        },
        "utf-8-validate": {
          "optional": true
        }
      }
    }
  }
}
